
Microsoft Visual Studio Solution File, Format Version 12.00
# Visual Studio Version 17
VisualStudioVersion = 17.0.31606.5
MinimumVisualStudioVersion = 10.0.40219.1
Project("{9A19103F-16F7-4668-BE54-9A1E7A4F7556}") = "DevilDaggersInfo.Web.BlazorWasm.Server", "DevilDaggersInfo.Web.BlazorWasm.Server\DevilDaggersInfo.Web.BlazorWasm.Server.csproj", "{595CAB68-C85D-4AAD-B78F-4CC499921E61}"
EndProject
Project("{9A19103F-16F7-4668-BE54-9A1E7A4F7556}") = "DevilDaggersInfo.Web.BlazorWasm.Client", "DevilDaggersInfo.Web.BlazorWasm.Client\DevilDaggersInfo.Web.BlazorWasm.Client.csproj", "{0F9B44AE-52A6-4BCD-8AC1-72FE4235E356}"
EndProject
Project("{9A19103F-16F7-4668-BE54-9A1E7A4F7556}") = "DevilDaggersInfo.Web.BlazorWasm.Shared", "DevilDaggersInfo.Web.BlazorWasm.Shared\DevilDaggersInfo.Web.BlazorWasm.Shared.csproj", "{B73F0FEF-0D3B-4B41-8920-34134012F5C8}"
EndProject
Project("{9A19103F-16F7-4668-BE54-9A1E7A4F7556}") = "DevilDaggersInfo.Web.Tool.LeaderboardFetcher", "DevilDaggersInfo.Web.Tool.LeaderboardFetcher\DevilDaggersInfo.Web.Tool.LeaderboardFetcher.csproj", "{17BA3EE7-7067-4A07-A978-27D05E8D0CCE}"
EndProject
Project("{9A19103F-16F7-4668-BE54-9A1E7A4F7556}") = "DevilDaggersInfo.Web.Tool.LeaderboardJsonFormatter", "DevilDaggersInfo.Web.Tool.LeaderboardJsonFormatter\DevilDaggersInfo.Web.Tool.LeaderboardJsonFormatter.csproj", "{54D94645-026B-442A-BDCD-FD0029F3EE45}"
EndProject
Project("{9A19103F-16F7-4668-BE54-9A1E7A4F7556}") = "DevilDaggersInfo.Web.Tool.LeaderboardJsonHighscoreStatsSpreader", "DevilDaggersInfo.Web.Tool.LeaderboardJsonHighscoreStatsSpreader\DevilDaggersInfo.Web.Tool.LeaderboardJsonHighscoreStatsSpreader.csproj", "{B11627A5-9A22-4E5F-8B35-C27869339BA7}"
EndProject
Project("{9A19103F-16F7-4668-BE54-9A1E7A4F7556}") = "DevilDaggersInfo.Web.Tool.LeaderboardJsonIdFixer", "DevilDaggersInfo.Web.Tool.LeaderboardJsonIdFixer\DevilDaggersInfo.Web.Tool.LeaderboardJsonIdFixer.csproj", "{A654D3D2-4D4A-4FFB-9D42-B1C31C2E3435}"
EndProject
Project("{9A19103F-16F7-4668-BE54-9A1E7A4F7556}") = "DevilDaggersInfo.Web.Tool.Shared", "DevilDaggersInfo.Web.Tool.Shared\DevilDaggersInfo.Web.Tool.Shared.csproj", "{D305DE6F-3EE9-49A2-A670-9408BAECBF71}"
EndProject
Project("{9A19103F-16F7-4668-BE54-9A1E7A4F7556}") = "DevilDaggersInfo.Web.BlazorWasm.Server.Test", "DevilDaggersInfo.Web.BlazorWasm.Server.Test\DevilDaggersInfo.Web.BlazorWasm.Server.Test.csproj", "{CB715CD9-FB6A-4E79-B9C0-830833223D91}"
EndProject
Project("{9A19103F-16F7-4668-BE54-9A1E7A4F7556}") = "DevilDaggersInfo.Web.BlazorWasm.Shared.Test", "DevilDaggersInfo.Web.BlazorWasm.Shared.Test\DevilDaggersInfo.Web.BlazorWasm.Shared.Test.csproj", "{9C3CED1D-A4D9-46DD-8CB8-9DE0FAC1CBE0}"
EndProject
Project("{9A19103F-16F7-4668-BE54-9A1E7A4F7556}") = "DevilDaggersInfo.Core.Spawnset", "DevilDaggersInfo.Core.Spawnset\DevilDaggersInfo.Core.Spawnset.csproj", "{F899EBF6-12A0-49B8-A163-511F3E92E991}"
EndProject
Project("{9A19103F-16F7-4668-BE54-9A1E7A4F7556}") = "DevilDaggersInfo.Core.Spawnset.Test", "DevilDaggersInfo.Core.Spawnset.Test\DevilDaggersInfo.Core.Spawnset.Test.csproj", "{77938023-7892-4211-8E07-03522DF7CFD7}"
EndProject
Project("{9A19103F-16F7-4668-BE54-9A1E7A4F7556}") = "DevilDaggersInfo.Core.Wiki", "DevilDaggersInfo.Core.Wiki\DevilDaggersInfo.Core.Wiki.csproj", "{BA3418E3-BC09-4F07-9A84-79379BA02DCC}"
EndProject
Project("{FAE04EC0-301F-11D3-BF4B-00C04F79EFBC}") = "DevilDaggersInfo.Core.Wiki.Test", "DevilDaggersInfo.Core.Wiki.Test\DevilDaggersInfo.Core.Wiki.Test.csproj", "{07BBEC96-50D3-49A2-934F-AC8BB7E8BB0D}"
EndProject
Project("{FAE04EC0-301F-11D3-BF4B-00C04F79EFBC}") = "DevilDaggersInfo.Core.Asset", "DevilDaggersInfo.Core.Asset\DevilDaggersInfo.Core.Asset.csproj", "{E855606F-5DFB-407F-979B-C2F25DC05C5D}"
EndProject
Global
	GlobalSection(SolutionConfigurationPlatforms) = preSolution
		Debug|Any CPU = Debug|Any CPU
		Release|Any CPU = Release|Any CPU
	EndGlobalSection
	GlobalSection(ProjectConfigurationPlatforms) = postSolution
		{595CAB68-C85D-4AAD-B78F-4CC499921E61}.Debug|Any CPU.ActiveCfg = Debug|Any CPU
		{595CAB68-C85D-4AAD-B78F-4CC499921E61}.Debug|Any CPU.Build.0 = Debug|Any CPU
		{595CAB68-C85D-4AAD-B78F-4CC499921E61}.Release|Any CPU.ActiveCfg = Release|Any CPU
		{595CAB68-C85D-4AAD-B78F-4CC499921E61}.Release|Any CPU.Build.0 = Release|Any CPU
		{0F9B44AE-52A6-4BCD-8AC1-72FE4235E356}.Debug|Any CPU.ActiveCfg = Debug|Any CPU
		{0F9B44AE-52A6-4BCD-8AC1-72FE4235E356}.Debug|Any CPU.Build.0 = Debug|Any CPU
		{0F9B44AE-52A6-4BCD-8AC1-72FE4235E356}.Release|Any CPU.ActiveCfg = Release|Any CPU
		{0F9B44AE-52A6-4BCD-8AC1-72FE4235E356}.Release|Any CPU.Build.0 = Release|Any CPU
		{B73F0FEF-0D3B-4B41-8920-34134012F5C8}.Debug|Any CPU.ActiveCfg = Debug|Any CPU
		{B73F0FEF-0D3B-4B41-8920-34134012F5C8}.Debug|Any CPU.Build.0 = Debug|Any CPU
		{B73F0FEF-0D3B-4B41-8920-34134012F5C8}.Release|Any CPU.ActiveCfg = Release|Any CPU
		{B73F0FEF-0D3B-4B41-8920-34134012F5C8}.Release|Any CPU.Build.0 = Release|Any CPU
		{17BA3EE7-7067-4A07-A978-27D05E8D0CCE}.Debug|Any CPU.ActiveCfg = Debug|Any CPU
		{17BA3EE7-7067-4A07-A978-27D05E8D0CCE}.Debug|Any CPU.Build.0 = Debug|Any CPU
		{17BA3EE7-7067-4A07-A978-27D05E8D0CCE}.Release|Any CPU.ActiveCfg = Release|Any CPU
		{17BA3EE7-7067-4A07-A978-27D05E8D0CCE}.Release|Any CPU.Build.0 = Release|Any CPU
		{54D94645-026B-442A-BDCD-FD0029F3EE45}.Debug|Any CPU.ActiveCfg = Debug|Any CPU
		{54D94645-026B-442A-BDCD-FD0029F3EE45}.Debug|Any CPU.Build.0 = Debug|Any CPU
		{54D94645-026B-442A-BDCD-FD0029F3EE45}.Release|Any CPU.ActiveCfg = Release|Any CPU
		{54D94645-026B-442A-BDCD-FD0029F3EE45}.Release|Any CPU.Build.0 = Release|Any CPU
		{B11627A5-9A22-4E5F-8B35-C27869339BA7}.Debug|Any CPU.ActiveCfg = Debug|Any CPU
		{B11627A5-9A22-4E5F-8B35-C27869339BA7}.Debug|Any CPU.Build.0 = Debug|Any CPU
		{B11627A5-9A22-4E5F-8B35-C27869339BA7}.Release|Any CPU.ActiveCfg = Release|Any CPU
		{B11627A5-9A22-4E5F-8B35-C27869339BA7}.Release|Any CPU.Build.0 = Release|Any CPU
		{A654D3D2-4D4A-4FFB-9D42-B1C31C2E3435}.Debug|Any CPU.ActiveCfg = Debug|Any CPU
		{A654D3D2-4D4A-4FFB-9D42-B1C31C2E3435}.Debug|Any CPU.Build.0 = Debug|Any CPU
		{A654D3D2-4D4A-4FFB-9D42-B1C31C2E3435}.Release|Any CPU.ActiveCfg = Release|Any CPU
		{A654D3D2-4D4A-4FFB-9D42-B1C31C2E3435}.Release|Any CPU.Build.0 = Release|Any CPU
		{D305DE6F-3EE9-49A2-A670-9408BAECBF71}.Debug|Any CPU.ActiveCfg = Debug|Any CPU
		{D305DE6F-3EE9-49A2-A670-9408BAECBF71}.Debug|Any CPU.Build.0 = Debug|Any CPU
		{D305DE6F-3EE9-49A2-A670-9408BAECBF71}.Release|Any CPU.ActiveCfg = Release|Any CPU
		{D305DE6F-3EE9-49A2-A670-9408BAECBF71}.Release|Any CPU.Build.0 = Release|Any CPU
		{CB715CD9-FB6A-4E79-B9C0-830833223D91}.Debug|Any CPU.ActiveCfg = Debug|Any CPU
		{CB715CD9-FB6A-4E79-B9C0-830833223D91}.Debug|Any CPU.Build.0 = Debug|Any CPU
		{CB715CD9-FB6A-4E79-B9C0-830833223D91}.Release|Any CPU.ActiveCfg = Release|Any CPU
		{CB715CD9-FB6A-4E79-B9C0-830833223D91}.Release|Any CPU.Build.0 = Release|Any CPU
		{9C3CED1D-A4D9-46DD-8CB8-9DE0FAC1CBE0}.Debug|Any CPU.ActiveCfg = Debug|Any CPU
		{9C3CED1D-A4D9-46DD-8CB8-9DE0FAC1CBE0}.Debug|Any CPU.Build.0 = Debug|Any CPU
		{9C3CED1D-A4D9-46DD-8CB8-9DE0FAC1CBE0}.Release|Any CPU.ActiveCfg = Release|Any CPU
		{9C3CED1D-A4D9-46DD-8CB8-9DE0FAC1CBE0}.Release|Any CPU.Build.0 = Release|Any CPU
		{F899EBF6-12A0-49B8-A163-511F3E92E991}.Debug|Any CPU.ActiveCfg = Debug|Any CPU
		{F899EBF6-12A0-49B8-A163-511F3E92E991}.Debug|Any CPU.Build.0 = Debug|Any CPU
		{F899EBF6-12A0-49B8-A163-511F3E92E991}.Release|Any CPU.ActiveCfg = Release|Any CPU
		{F899EBF6-12A0-49B8-A163-511F3E92E991}.Release|Any CPU.Build.0 = Release|Any CPU
		{77938023-7892-4211-8E07-03522DF7CFD7}.Debug|Any CPU.ActiveCfg = Debug|Any CPU
		{77938023-7892-4211-8E07-03522DF7CFD7}.Debug|Any CPU.Build.0 = Debug|Any CPU
		{77938023-7892-4211-8E07-03522DF7CFD7}.Release|Any CPU.ActiveCfg = Release|Any CPU
		{77938023-7892-4211-8E07-03522DF7CFD7}.Release|Any CPU.Build.0 = Release|Any CPU
		{BA3418E3-BC09-4F07-9A84-79379BA02DCC}.Debug|Any CPU.ActiveCfg = Debug|Any CPU
		{BA3418E3-BC09-4F07-9A84-79379BA02DCC}.Debug|Any CPU.Build.0 = Debug|Any CPU
		{BA3418E3-BC09-4F07-9A84-79379BA02DCC}.Release|Any CPU.ActiveCfg = Release|Any CPU
		{BA3418E3-BC09-4F07-9A84-79379BA02DCC}.Release|Any CPU.Build.0 = Release|Any CPU
		{07BBEC96-50D3-49A2-934F-AC8BB7E8BB0D}.Debug|Any CPU.ActiveCfg = Debug|Any CPU
		{07BBEC96-50D3-49A2-934F-AC8BB7E8BB0D}.Debug|Any CPU.Build.0 = Debug|Any CPU
		{07BBEC96-50D3-49A2-934F-AC8BB7E8BB0D}.Release|Any CPU.ActiveCfg = Release|Any CPU
		{07BBEC96-50D3-49A2-934F-AC8BB7E8BB0D}.Release|Any CPU.Build.0 = Release|Any CPU
		{E855606F-5DFB-407F-979B-C2F25DC05C5D}.Debug|Any CPU.ActiveCfg = Debug|Any CPU
		{E855606F-5DFB-407F-979B-C2F25DC05C5D}.Debug|Any CPU.Build.0 = Debug|Any CPU
		{E855606F-5DFB-407F-979B-C2F25DC05C5D}.Release|Any CPU.ActiveCfg = Release|Any CPU
		{E855606F-5DFB-407F-979B-C2F25DC05C5D}.Release|Any CPU.Build.0 = Release|Any CPU
	EndGlobalSection
	GlobalSection(SolutionProperties) = preSolution
		HideSolutionNode = FALSE
	EndGlobalSection
	GlobalSection(ExtensibilityGlobals) = postSolution
		SolutionGuid = {E27EC676-81BF-4099-BFC9-20E860CE83A5}
	EndGlobalSection
EndGlobal
