
Microsoft Visual Studio Solution File, Format Version 12.00
# Visual Studio Version 16
VisualStudioVersion = 16.0.28917.181
MinimumVisualStudioVersion = 10.0.40219.1
Project("{9A19103F-16F7-4668-BE54-9A1E7A4F7556}") = "DevilDaggersWebsite.Razor", "DevilDaggersWebsite.Razor\DevilDaggersWebsite.Razor.csproj", "{43297161-4F0D-413F-8961-8678B9F3DFFB}"
EndProject
Project("{9A19103F-16F7-4668-BE54-9A1E7A4F7556}") = "DevilDaggersWebsite.Tests", "DevilDaggersWebsite.Tests\DevilDaggersWebsite.Tests.csproj", "{EF02C310-86AD-4F70-8D30-D73FAD185F23}"
EndProject
Project("{2150E333-8FDC-42A3-9474-1A3956D46DE8}") = "Tests", "Tests", "{F7BF9B31-DDAD-4562-93A8-677E71FA8774}"
EndProject
Project("{2150E333-8FDC-42A3-9474-1A3956D46DE8}") = "Tools", "Tools", "{A682E0EF-9B0E-4113-8BED-4534C64A9BDE}"
EndProject
Project("{9A19103F-16F7-4668-BE54-9A1E7A4F7556}") = "LeaderboardJsonHighscoreStatsSpreader", "Tools\LeaderboardJsonHighscoreStatsSpreader\LeaderboardJsonHighscoreStatsSpreader.csproj", "{57F71E3E-564E-40D1-943D-D649FA279957}"
EndProject
Project("{9A19103F-16F7-4668-BE54-9A1E7A4F7556}") = "ToolsShared", "Tools\ToolsShared\ToolsShared.csproj", "{07A43B03-36BB-488D-A58E-460BF5178BA3}"
EndProject
Project("{9A19103F-16F7-4668-BE54-9A1E7A4F7556}") = "LeaderboardJsonIdFixer", "Tools\LeaderboardJsonIdFixer\LeaderboardJsonIdFixer.csproj", "{FCDDD536-D37A-403C-AC2F-51E3B346ECB6}"
EndProject
Project("{9A19103F-16F7-4668-BE54-9A1E7A4F7556}") = "LeaderboardJsonFormatter", "Tools\LeaderboardJsonFormatter\LeaderboardJsonFormatter.csproj", "{FDB16A56-8156-4D82-9C01-3507E756E431}"
EndProject
Project("{9A19103F-16F7-4668-BE54-9A1E7A4F7556}") = "LeaderboardFetcher", "Tools\LeaderboardFetcher\LeaderboardFetcher.csproj", "{2215FEC4-031A-4A2F-B1F8-5BC8453C1A9B}"
EndProject
Project("{9A19103F-16F7-4668-BE54-9A1E7A4F7556}") = "DevilDaggersWebsite.BlazorWasm.Server", "DevilDaggersWebsite.BlazorWasm\Server\DevilDaggersWebsite.BlazorWasm.Server.csproj", "{595CAB68-C85D-4AAD-B78F-4CC499921E61}"
EndProject
Project("{9A19103F-16F7-4668-BE54-9A1E7A4F7556}") = "DevilDaggersWebsite.BlazorWasm.Client", "DevilDaggersWebsite.BlazorWasm\Client\DevilDaggersWebsite.BlazorWasm.Client.csproj", "{0F9B44AE-52A6-4BCD-8AC1-72FE4235E356}"
EndProject
Project("{9A19103F-16F7-4668-BE54-9A1E7A4F7556}") = "DevilDaggersWebsite.BlazorWasm.Shared", "DevilDaggersWebsite.BlazorWasm\Shared\DevilDaggersWebsite.BlazorWasm.Shared.csproj", "{B73F0FEF-0D3B-4B41-8920-34134012F5C8}"
EndProject
Global
	GlobalSection(SolutionConfigurationPlatforms) = preSolution
		Debug|Any CPU = Debug|Any CPU
		Release|Any CPU = Release|Any CPU
	EndGlobalSection
	GlobalSection(ProjectConfigurationPlatforms) = postSolution
		{43297161-4F0D-413F-8961-8678B9F3DFFB}.Debug|Any CPU.ActiveCfg = Debug|Any CPU
		{43297161-4F0D-413F-8961-8678B9F3DFFB}.Debug|Any CPU.Build.0 = Debug|Any CPU
		{43297161-4F0D-413F-8961-8678B9F3DFFB}.Release|Any CPU.ActiveCfg = Release|Any CPU
		{43297161-4F0D-413F-8961-8678B9F3DFFB}.Release|Any CPU.Build.0 = Release|Any CPU
		{EF02C310-86AD-4F70-8D30-D73FAD185F23}.Debug|Any CPU.ActiveCfg = Debug|Any CPU
		{EF02C310-86AD-4F70-8D30-D73FAD185F23}.Debug|Any CPU.Build.0 = Debug|Any CPU
		{EF02C310-86AD-4F70-8D30-D73FAD185F23}.Release|Any CPU.ActiveCfg = Release|Any CPU
		{EF02C310-86AD-4F70-8D30-D73FAD185F23}.Release|Any CPU.Build.0 = Release|Any CPU
		{57F71E3E-564E-40D1-943D-D649FA279957}.Debug|Any CPU.ActiveCfg = Debug|Any CPU
		{57F71E3E-564E-40D1-943D-D649FA279957}.Debug|Any CPU.Build.0 = Debug|Any CPU
		{57F71E3E-564E-40D1-943D-D649FA279957}.Release|Any CPU.ActiveCfg = Release|Any CPU
		{57F71E3E-564E-40D1-943D-D649FA279957}.Release|Any CPU.Build.0 = Release|Any CPU
		{07A43B03-36BB-488D-A58E-460BF5178BA3}.Debug|Any CPU.ActiveCfg = Debug|Any CPU
		{07A43B03-36BB-488D-A58E-460BF5178BA3}.Debug|Any CPU.Build.0 = Debug|Any CPU
		{07A43B03-36BB-488D-A58E-460BF5178BA3}.Release|Any CPU.ActiveCfg = Release|Any CPU
		{07A43B03-36BB-488D-A58E-460BF5178BA3}.Release|Any CPU.Build.0 = Release|Any CPU
		{FCDDD536-D37A-403C-AC2F-51E3B346ECB6}.Debug|Any CPU.ActiveCfg = Debug|Any CPU
		{FCDDD536-D37A-403C-AC2F-51E3B346ECB6}.Debug|Any CPU.Build.0 = Debug|Any CPU
		{FCDDD536-D37A-403C-AC2F-51E3B346ECB6}.Release|Any CPU.ActiveCfg = Release|Any CPU
		{FCDDD536-D37A-403C-AC2F-51E3B346ECB6}.Release|Any CPU.Build.0 = Release|Any CPU
		{FDB16A56-8156-4D82-9C01-3507E756E431}.Debug|Any CPU.ActiveCfg = Debug|Any CPU
		{FDB16A56-8156-4D82-9C01-3507E756E431}.Debug|Any CPU.Build.0 = Debug|Any CPU
		{FDB16A56-8156-4D82-9C01-3507E756E431}.Release|Any CPU.ActiveCfg = Release|Any CPU
		{FDB16A56-8156-4D82-9C01-3507E756E431}.Release|Any CPU.Build.0 = Release|Any CPU
		{2215FEC4-031A-4A2F-B1F8-5BC8453C1A9B}.Debug|Any CPU.ActiveCfg = Debug|Any CPU
		{2215FEC4-031A-4A2F-B1F8-5BC8453C1A9B}.Debug|Any CPU.Build.0 = Debug|Any CPU
		{2215FEC4-031A-4A2F-B1F8-5BC8453C1A9B}.Release|Any CPU.ActiveCfg = Release|Any CPU
		{2215FEC4-031A-4A2F-B1F8-5BC8453C1A9B}.Release|Any CPU.Build.0 = Release|Any CPU
		{595CAB68-C85D-4AAD-B78F-4CC499921E61}.Debug|Any CPU.ActiveCfg = Debug|Any CPU
		{595CAB68-C85D-4AAD-B78F-4CC499921E61}.Debug|Any CPU.Build.0 = Debug|Any CPU
		{595CAB68-C85D-4AAD-B78F-4CC499921E61}.Release|Any CPU.ActiveCfg = Release|Any CPU
		{595CAB68-C85D-4AAD-B78F-4CC499921E61}.Release|Any CPU.Build.0 = Release|Any CPU
		{0F9B44AE-52A6-4BCD-8AC1-72FE4235E356}.Debug|Any CPU.ActiveCfg = Debug|Any CPU
		{0F9B44AE-52A6-4BCD-8AC1-72FE4235E356}.Debug|Any CPU.Build.0 = Debug|Any CPU
		{0F9B44AE-52A6-4BCD-8AC1-72FE4235E356}.Release|Any CPU.ActiveCfg = Release|Any CPU
		{0F9B44AE-52A6-4BCD-8AC1-72FE4235E356}.Release|Any CPU.Build.0 = Release|Any CPU
		{B73F0FEF-0D3B-4B41-8920-34134012F5C8}.Debug|Any CPU.ActiveCfg = Debug|Any CPU
		{B73F0FEF-0D3B-4B41-8920-34134012F5C8}.Debug|Any CPU.Build.0 = Debug|Any CPU
		{B73F0FEF-0D3B-4B41-8920-34134012F5C8}.Release|Any CPU.ActiveCfg = Release|Any CPU
		{B73F0FEF-0D3B-4B41-8920-34134012F5C8}.Release|Any CPU.Build.0 = Release|Any CPU
	EndGlobalSection
	GlobalSection(SolutionProperties) = preSolution
		HideSolutionNode = FALSE
	EndGlobalSection
	GlobalSection(NestedProjects) = preSolution
		{EF02C310-86AD-4F70-8D30-D73FAD185F23} = {F7BF9B31-DDAD-4562-93A8-677E71FA8774}
		{57F71E3E-564E-40D1-943D-D649FA279957} = {A682E0EF-9B0E-4113-8BED-4534C64A9BDE}
		{07A43B03-36BB-488D-A58E-460BF5178BA3} = {A682E0EF-9B0E-4113-8BED-4534C64A9BDE}
		{FCDDD536-D37A-403C-AC2F-51E3B346ECB6} = {A682E0EF-9B0E-4113-8BED-4534C64A9BDE}
		{FDB16A56-8156-4D82-9C01-3507E756E431} = {A682E0EF-9B0E-4113-8BED-4534C64A9BDE}
		{2215FEC4-031A-4A2F-B1F8-5BC8453C1A9B} = {A682E0EF-9B0E-4113-8BED-4534C64A9BDE}
	EndGlobalSection
	GlobalSection(ExtensibilityGlobals) = postSolution
		SolutionGuid = {E27EC676-81BF-4099-BFC9-20E860CE83A5}
	EndGlobalSection
EndGlobal
