
Microsoft Visual Studio Solution File, Format Version 12.00
# Visual Studio 15
VisualStudioVersion = 15.0.27428.1
MinimumVisualStudioVersion = 10.0.40219.1
Project("{FAE04EC0-301F-11D3-BF4B-00C04F79EFBC}") = "DevilDaggersWebsite", "DevilDaggersWebsite\DevilDaggersWebsite.csproj", "{8344EE88-0949-4B7C-BAD4-131EE6ECEDCD}"
EndProject
Project("{9A19103F-16F7-4668-BE54-9A1E7A4F7556}") = "CoreBase", "..\CoreBase\CoreBase\CoreBase.csproj", "{92C750DA-84D0-4199-A009-235A3E572004}"
EndProject
Global
	GlobalSection(SolutionConfigurationPlatforms) = preSolution
		Debug|Any CPU = Debug|Any CPU
		Release|Any CPU = Release|Any CPU
	EndGlobalSection
	GlobalSection(ProjectConfigurationPlatforms) = postSolution
		{8344EE88-0949-4B7C-BAD4-131EE6ECEDCD}.Debug|Any CPU.ActiveCfg = Debug|Any CPU
		{8344EE88-0949-4B7C-BAD4-131EE6ECEDCD}.Debug|Any CPU.Build.0 = Debug|Any CPU
		{8344EE88-0949-4B7C-BAD4-131EE6ECEDCD}.Release|Any CPU.ActiveCfg = Release|Any CPU
		{8344EE88-0949-4B7C-BAD4-131EE6ECEDCD}.Release|Any CPU.Build.0 = Release|Any CPU
		{92C750DA-84D0-4199-A009-235A3E572004}.Debug|Any CPU.ActiveCfg = Debug|Any CPU
		{92C750DA-84D0-4199-A009-235A3E572004}.Debug|Any CPU.Build.0 = Debug|Any CPU
		{92C750DA-84D0-4199-A009-235A3E572004}.Release|Any CPU.ActiveCfg = Release|Any CPU
		{92C750DA-84D0-4199-A009-235A3E572004}.Release|Any CPU.Build.0 = Release|Any CPU
	EndGlobalSection
	GlobalSection(SolutionProperties) = preSolution
		HideSolutionNode = FALSE
	EndGlobalSection
	GlobalSection(ExtensibilityGlobals) = postSolution
		SolutionGuid = {E27EC676-81BF-4099-BFC9-20E860CE83A5}
	EndGlobalSection
EndGlobal
