{
  "version": 2,
  "dependencies": {
    "net7.0": {
      "Nullable.Extended.Analyzer": {
        "type": "Direct",
        "requested": "[1.10.4539, )",
        "resolved": "1.10.4539",
        "contentHash": "Q7s+3FxZ+GXuQim7Lqq6l0NKYlIRCgMxiJ8EF8Fzs2Atzap0Fk4KdjW8S+FSC2tMScsbq01jH4Aato1SPVAWSA=="
      },
      "Roslynator.Analyzers": {
        "type": "Direct",
        "requested": "[4.3.0, )",
        "resolved": "4.3.0",
        "contentHash": "NZNaV9DAYGHKZ753WfhtBj8eoP40LLJsA6JQXdzhF87iTZAdbKCgp32mI3cnQF4TMXz7bk+CgzF/kDG+m+9bCg=="
      },
      "SonarAnalyzer.CSharp": {
        "type": "Direct",
        "requested": "[9.0.0.68202, )",
        "resolved": "9.0.0.68202",
        "contentHash": "CdkFID8hrFCwxZkB/xubADWO0zZoGxG8fv6MHUoreUQ6syLXCELDE9DZy68ktEX1DhsQeW8IUHMroUU2gh2Byw=="
      },
      "StyleCop.Analyzers": {
        "type": "Direct",
        "requested": "[1.2.0-beta.435, )",
        "resolved": "1.2.0-beta.435",
        "contentHash": "TADk7vdGXtfTnYCV7GyleaaRTQjfoSfZXprQrVMm7cSJtJbFc1QIbWPyLvrgrfGdfHbGmUPvaN4ODKNxg2jgPQ==",
        "dependencies": {
          "StyleCop.Analyzers.Unstable": "1.2.0.435"
        }
      },
      "Microsoft.AspNetCore.Http.Features": {
        "type": "Transitive",
        "resolved": "2.2.0",
        "contentHash": "ziFz5zH8f33En4dX81LW84I6XrYXKf9jg6aM39cM+LffN9KJahViKZ61dGMSO2gd3e+qe5yBRwsesvyqlZaSMg==",
        "dependencies": {
          "Microsoft.Extensions.Primitives": "2.2.0"
        }
      },
      "Microsoft.CSharp": {
        "type": "Transitive",
        "resolved": "4.5.0",
        "contentHash": "kaj6Wb4qoMuH3HySFJhxwQfe8R/sJsNJnANrvv8WdFPMoNbKY5htfNscv+LHCu5ipz+49m2e+WQXpLXr9XYemQ=="
      },
      "Microsoft.EntityFrameworkCore.Abstractions": {
        "type": "Transitive",
        "resolved": "7.0.5",
        "contentHash": "iwQso+hFRsEWjhH2WsEQj1D2QE5BlEXiXEt6A3SlYTPRPdZsyTNDeDDEdtxL+H/UJPQgQYY+9SMMRcEiXBmCAA=="
      },
      "Microsoft.EntityFrameworkCore.Analyzers": {
        "type": "Transitive",
        "resolved": "7.0.5",
        "contentHash": "yMLM/aK1MikVqpjxd7PJ1Pjgztd3VAd26ZHxyjxG3RPeM9cHjvS5tCg9kAAayR6eHmBg0ffZsHdT28WfA5tTlA=="
      },
      "Microsoft.Extensions.Caching.Abstractions": {
        "type": "Transitive",
        "resolved": "7.0.0",
        "contentHash": "IeimUd0TNbhB4ded3AbgBLQv2SnsiVugDyGV1MvspQFVlA07nDC7Zul7kcwH5jWN3JiTcp/ySE83AIJo8yfKjg==",
        "dependencies": {
          "Microsoft.Extensions.Primitives": "7.0.0"
        }
      },
      "Microsoft.Extensions.Caching.Memory": {
        "type": "Transitive",
        "resolved": "7.0.0",
        "contentHash": "xpidBs2KCE2gw1JrD0quHE72kvCaI3xFql5/Peb2GRtUuZX+dYPoK/NTdVMiM67Svym0M0Df9A3xyU0FbMQhHw==",
        "dependencies": {
          "Microsoft.Extensions.Caching.Abstractions": "7.0.0",
          "Microsoft.Extensions.DependencyInjection.Abstractions": "7.0.0",
          "Microsoft.Extensions.Logging.Abstractions": "7.0.0",
          "Microsoft.Extensions.Options": "7.0.0",
          "Microsoft.Extensions.Primitives": "7.0.0"
        }
      },
      "Microsoft.Extensions.DependencyInjection": {
        "type": "Transitive",
        "resolved": "7.0.0",
        "contentHash": "elNeOmkeX3eDVG6pYVeV82p29hr+UKDaBhrZyWvWLw/EVZSYEkZlQdkp0V39k/Xehs2Qa0mvoCvkVj3eQxNQ1Q==",
        "dependencies": {
          "Microsoft.Extensions.DependencyInjection.Abstractions": "7.0.0"
        }
      },
      "Microsoft.Extensions.DependencyInjection.Abstractions": {
        "type": "Transitive",
        "resolved": "7.0.0",
        "contentHash": "h3j/QfmFN4S0w4C2A6X7arXij/M/OVw3uQHSOFxnND4DyAzO1F9eMX7Eti7lU/OkSthEE0WzRsfT/Dmx86jzCw=="
      },
      "Microsoft.Extensions.Logging": {
        "type": "Transitive",
        "resolved": "7.0.0",
        "contentHash": "Nw2muoNrOG5U5qa2ZekXwudUn2BJcD41e65zwmDHb1fQegTX66UokLWZkJRpqSSHXDOWZ5V0iqhbxOEky91atA==",
        "dependencies": {
          "Microsoft.Extensions.DependencyInjection": "7.0.0",
          "Microsoft.Extensions.DependencyInjection.Abstractions": "7.0.0",
          "Microsoft.Extensions.Logging.Abstractions": "7.0.0",
          "Microsoft.Extensions.Options": "7.0.0"
        }
      },
      "Microsoft.Extensions.Logging.Abstractions": {
        "type": "Transitive",
        "resolved": "7.0.0",
        "contentHash": "kmn78+LPVMOWeITUjIlfxUPDsI0R6G0RkeAMBmQxAJ7vBJn4q2dTva7pWi65ceN5vPGjJ9q/Uae2WKgvfktJAw=="
      },
      "Microsoft.Extensions.Options": {
        "type": "Transitive",
        "resolved": "7.0.0",
        "contentHash": "lP1yBnTTU42cKpMozuafbvNtQ7QcBjr/CcK3bYOGEMH55Fjt+iecXjT6chR7vbgCMqy3PG3aNQSZgo/EuY/9qQ==",
        "dependencies": {
          "Microsoft.Extensions.DependencyInjection.Abstractions": "7.0.0",
          "Microsoft.Extensions.Primitives": "7.0.0"
        }
      },
      "Microsoft.Extensions.Primitives": {
        "type": "Transitive",
        "resolved": "7.0.0",
        "contentHash": "um1KU5kxcRp3CNuI8o/GrZtD4AIOXDk+RLsytjZ9QPok3ttLUelLKpilVPuaFT3TFjOhSibUAso0odbOaCDj3Q=="
      },
      "Microsoft.IdentityModel.Abstractions": {
        "type": "Transitive",
        "resolved": "6.30.1",
        "contentHash": "1YVmnuYYz53M+KGa7HvZ+Vvqchwp97ngDk2I4QoiQi+HL7rpifvyaMyVMFhdlmoRlQcnSwJbNp7ulPctGnFfkQ=="
      },
      "Microsoft.IdentityModel.JsonWebTokens": {
        "type": "Transitive",
        "resolved": "6.30.1",
        "contentHash": "H9o5zbuxfRKCEVULmxLCv1LTz1hmzaqG2Gk6X9Yq0QeJ1HeUQo1fwjaj+N1H55TQnZ8LNbmMdMCl/VqW3cJWvw==",
        "dependencies": {
          "Microsoft.IdentityModel.Tokens": "6.30.1",
          "System.Text.Encoding": "4.3.0",
          "System.Text.Encodings.Web": "4.7.2",
          "System.Text.Json": "4.7.2"
        }
      },
      "Microsoft.IdentityModel.Logging": {
        "type": "Transitive",
        "resolved": "6.30.1",
        "contentHash": "zE6TG08T8MPZfkXqOWegvvIhKZRiYyj2xgr4QQuWyXypSGPyZrkBwJf5IXU4T3aIKqVfALSnAYCW/IqMaCY4gA==",
        "dependencies": {
          "Microsoft.IdentityModel.Abstractions": "6.30.1"
        }
      },
      "Microsoft.IdentityModel.Tokens": {
        "type": "Transitive",
        "resolved": "6.30.1",
        "contentHash": "iLEwF/zEopanfMQcIcq190S/bBjSj3v6UfqN37KqRqsKB9kkm3/tYCrIQOtvLKbEe/znQXC6HoQhknDTszPz2Q==",
        "dependencies": {
          "Microsoft.CSharp": "4.5.0",
          "Microsoft.IdentityModel.Logging": "6.30.1",
          "System.Security.Cryptography.Cng": "4.5.0"
        }
      },
      "Microsoft.NETCore.Platforms": {
        "type": "Transitive",
        "resolved": "1.1.0",
        "contentHash": "kz0PEW2lhqygehI/d6XsPCQzD7ff7gUJaVGPVETX611eadGsA3A877GdSlU0LRVMCTH/+P3o2iDTak+S08V2+A=="
      },
      "Microsoft.NETCore.Targets": {
        "type": "Transitive",
        "resolved": "1.1.0",
        "contentHash": "aOZA3BWfz9RXjpzt0sRJJMjAscAUm3Hoa4UWAfceV9UTYxgwZ1lZt5nO2myFf+/jetYQo4uTP7zS8sJY67BBxg=="
      },
      "StyleCop.Analyzers.Unstable": {
        "type": "Transitive",
        "resolved": "1.2.0.435",
        "contentHash": "ouwPWZxbOV3SmCZxIRqHvljkSzkCyi1tDoMzQtDb/bRP8ctASV/iRJr+A2Gdj0QLaLmWnqTWDrH82/iP+X80Lg=="
      },
      "System.Runtime": {
        "type": "Transitive",
        "resolved": "4.3.0",
        "contentHash": "JufQi0vPQ0xGnAczR13AUFglDyVYt4Kqnz1AZaiKZ5+GICq0/1MH/mO/eAJHt/mHW1zjKBJd7kV26SrxddAhiw==",
        "dependencies": {
          "Microsoft.NETCore.Platforms": "1.1.0",
          "Microsoft.NETCore.Targets": "1.1.0"
        }
      },
      "System.Security.Cryptography.Cng": {
        "type": "Transitive",
        "resolved": "4.5.0",
        "contentHash": "WG3r7EyjUe9CMPFSs6bty5doUqT+q9pbI80hlNzo2SkPkZ4VTuZkGWjpp77JB8+uaL4DFPRdBsAY+DX3dBK92A=="
      },
      "System.Text.Encoding": {
        "type": "Transitive",
        "resolved": "4.3.0",
        "contentHash": "BiIg+KWaSDOITze6jGQynxg64naAPtqGHBwDrLaCtixsa5bKiR8dpPOHA7ge3C0JJQizJE+sfkz1wV+BAKAYZw==",
        "dependencies": {
          "Microsoft.NETCore.Platforms": "1.1.0",
          "Microsoft.NETCore.Targets": "1.1.0",
          "System.Runtime": "4.3.0"
        }
      },
      "System.Text.Encodings.Web": {
        "type": "Transitive",
        "resolved": "4.7.2",
        "contentHash": "iTUgB/WtrZ1sWZs84F2hwyQhiRH6QNjQv2DkwrH+WP6RoFga2Q1m3f9/Q7FG8cck8AdHitQkmkXSY8qylcDmuA=="
      },
      "System.Text.Json": {
        "type": "Transitive",
        "resolved": "4.7.2",
        "contentHash": "TcMd95wcrubm9nHvJEQs70rC0H/8omiSGGpU4FQ/ZA1URIqD4pjmFJh2Mfv1yH1eHgJDWTi2hMDXwTET+zOOyg=="
      },
      "devildaggersinfo.api.admin": {
        "type": "Project"
      },
      "devildaggersinfo.common": {
        "type": "Project"
      },
      "devildaggersinfo.core.asset": {
        "type": "Project"
      },
      "devildaggersinfo.core.criteriaexpression": {
        "type": "Project",
        "dependencies": {
          "DevilDaggersInfo.Core.Wiki": "[1.0.0, )"
        }
      },
      "devildaggersinfo.core.encryption": {
        "type": "Project"
      },
      "devildaggersinfo.core.mod": {
        "type": "Project",
        "dependencies": {
          "DevilDaggersInfo.Common": "[1.0.0, )",
          "DevilDaggersInfo.Core.Asset": "[1.0.0, )",
          "SixLabors.ImageSharp": "[3.0.1, )"
        }
      },
      "devildaggersinfo.core.replay": {
        "type": "Project",
        "dependencies": {
          "DevilDaggersInfo.Common": "[1.0.0, )",
          "DevilDaggersInfo.Core.Spawnset": "[1.0.0, )"
        }
      },
      "devildaggersinfo.core.spawnset": {
        "type": "Project",
        "dependencies": {
          "DevilDaggersInfo.Core.Wiki": "[1.0.0, )"
        }
      },
      "devildaggersinfo.core.versioning": {
        "type": "Project"
      },
      "devildaggersinfo.core.wiki": {
        "type": "Project",
        "dependencies": {
          "DevilDaggersInfo.Common": "[1.0.0, )"
        }
      },
      "devildaggersinfo.web.core.claims": {
        "type": "Project"
      },
      "devildaggersinfo.web.server.domain": {
        "type": "Project",
        "dependencies": {
          "DevilDaggersInfo.Common": "[1.0.0, )",
          "DevilDaggersInfo.Core.CriteriaExpression": "[1.0.0, )",
          "DevilDaggersInfo.Core.Encryption": "[1.0.0, )",
          "DevilDaggersInfo.Core.Mod": "[1.0.0, )",
          "DevilDaggersInfo.Core.Replay": "[1.0.0, )",
          "DevilDaggersInfo.Core.Spawnset": "[1.0.0, )",
          "DevilDaggersInfo.Core.Versioning": "[1.0.0, )",
          "DevilDaggersInfo.Web.Core.Claims": "[1.0.0, )",
          "Microsoft.AspNetCore.Http.Abstractions": "[2.2.0, )",
          "Microsoft.EntityFrameworkCore": "[7.0.5, )",
          "Microsoft.Extensions.Configuration.Abstractions": "[7.0.0, )",
          "Newtonsoft.Json": "[13.0.3, )",
          "System.IdentityModel.Tokens.Jwt": "[6.30.1, )"
        }
      },
      "Microsoft.AspNetCore.Http.Abstractions": {
        "type": "CentralTransitive",
        "requested": "[2.2.0, )",
        "resolved": "2.2.0",
        "contentHash": "Nxs7Z1q3f1STfLYKJSVXCs1iBl+Ya6E8o4Oy1bCxJ/rNI44E/0f6tbsrVqAWfB7jlnJfyaAtIalBVxPKUPQb4Q==",
        "dependencies": {
          "Microsoft.AspNetCore.Http.Features": "2.2.0",
          "System.Text.Encodings.Web": "4.5.0"
        }
      },
      "Microsoft.EntityFrameworkCore": {
        "type": "CentralTransitive",
        "requested": "[7.0.5, )",
        "resolved": "7.0.5",
        "contentHash": "RXbRLHHWP2Z3pq8qcL5nQ6LPeoOyp8hasM5bd0Te8PiQi3RjWQR4tcbdY5XMqQ+oTO9wA8/RLhZRn/hnxlTDnQ==",
        "dependencies": {
          "Microsoft.EntityFrameworkCore.Abstractions": "7.0.5",
          "Microsoft.EntityFrameworkCore.Analyzers": "7.0.5",
          "Microsoft.Extensions.Caching.Memory": "7.0.0",
          "Microsoft.Extensions.DependencyInjection": "7.0.0",
          "Microsoft.Extensions.Logging": "7.0.0"
        }
      },
      "Microsoft.Extensions.Configuration.Abstractions": {
        "type": "CentralTransitive",
        "requested": "[7.0.0, )",
        "resolved": "7.0.0",
        "contentHash": "f34u2eaqIjNO9YLHBz8rozVZ+TcFiFs0F3r7nUJd7FRkVSxk8u4OpoK226mi49MwexHOR2ibP9MFvRUaLilcQQ==",
        "dependencies": {
          "Microsoft.Extensions.Primitives": "7.0.0"
        }
      },
      "Newtonsoft.Json": {
        "type": "CentralTransitive",
        "requested": "[13.0.3, )",
        "resolved": "13.0.3",
        "contentHash": "HrC5BXdl00IP9zeV+0Z848QWPAoCr9P3bDEZguI+gkLcBKAOxix/tLEAAHC+UvDNPv4a2d18lOReHMOagPa+zQ=="
      },
      "SixLabors.ImageSharp": {
        "type": "CentralTransitive",
        "requested": "[3.0.1, )",
        "resolved": "3.0.1",
        "contentHash": "o0v/J6SJwp3RFrzR29beGx0cK7xcMRgOyIuw8ZNLQyNnBhiyL/vIQKn7cfycthcWUPG3XezUjFwBWzkcUUDFbg=="
      },
      "System.IdentityModel.Tokens.Jwt": {
        "type": "CentralTransitive",
        "requested": "[6.30.1, )",
        "resolved": "6.30.1",
        "contentHash": "THhcemCnzUJnrCojmNmafJGluAmfumVFT18oSPa+epEfVuiXXdmitu7UvmayMq6FrBJKrZzHdVfh7CXg+uvBPQ==",
        "dependencies": {
          "Microsoft.IdentityModel.JsonWebTokens": "6.30.1",
          "Microsoft.IdentityModel.Tokens": "6.30.1"
        }
      }
    }
  }
}