{
  "version": 2,
  "dependencies": {
    "net7.0": {
      "Nullable.Extended.Analyzer": {
        "type": "Direct",
        "requested": "[1.10.4539, )",
        "resolved": "1.10.4539",
        "contentHash": "Q7s+3FxZ+GXuQim7Lqq6l0NKYlIRCgMxiJ8EF8Fzs2Atzap0Fk4KdjW8S+FSC2tMScsbq01jH4Aato1SPVAWSA=="
      },
      "Roslynator.Analyzers": {
        "type": "Direct",
        "requested": "[4.3.0, )",
        "resolved": "4.3.0",
        "contentHash": "NZNaV9DAYGHKZ753WfhtBj8eoP40LLJsA6JQXdzhF87iTZAdbKCgp32mI3cnQF4TMXz7bk+CgzF/kDG+m+9bCg=="
      },
      "SonarAnalyzer.CSharp": {
        "type": "Direct",
        "requested": "[9.0.0.68202, )",
        "resolved": "9.0.0.68202",
        "contentHash": "CdkFID8hrFCwxZkB/xubADWO0zZoGxG8fv6MHUoreUQ6syLXCELDE9DZy68ktEX1DhsQeW8IUHMroUU2gh2Byw=="
      },
      "StyleCop.Analyzers": {
        "type": "Direct",
        "requested": "[1.2.0-beta.435, )",
        "resolved": "1.2.0-beta.435",
        "contentHash": "TADk7vdGXtfTnYCV7GyleaaRTQjfoSfZXprQrVMm7cSJtJbFc1QIbWPyLvrgrfGdfHbGmUPvaN4ODKNxg2jgPQ==",
        "dependencies": {
          "StyleCop.Analyzers.Unstable": "1.2.0.435"
        }
      },
      "StyleCop.Analyzers.Unstable": {
        "type": "Transitive",
        "resolved": "1.2.0.435",
        "contentHash": "ouwPWZxbOV3SmCZxIRqHvljkSzkCyi1tDoMzQtDb/bRP8ctASV/iRJr+A2Gdj0QLaLmWnqTWDrH82/iP+X80Lg=="
      }
    },
    "net7.0/linux-x64": {},
    "net7.0/win-x64": {}
  }
}