{
  "version": 2,
  "dependencies": {
    "net7.0": {
      "Microsoft.AspNetCore.Components.Web": {
        "type": "Direct",
        "requested": "[7.0.5, )",
        "resolved": "7.0.5",
        "contentHash": "lrfHlLJZ+e6Y/DRq2e2Z8OzvNwmLNevd5ol54mL05aZK6Oj+pTM1UrkP46Vmow3w1VEUxMH3tyX+S+wAPWUnvQ==",
        "dependencies": {
          "Microsoft.AspNetCore.Components": "7.0.5",
          "Microsoft.AspNetCore.Components.Forms": "7.0.5",
          "Microsoft.Extensions.DependencyInjection": "7.0.0",
          "Microsoft.JSInterop": "7.0.5",
          "System.IO.Pipelines": "7.0.0"
        }
      },
      "Nullable.Extended.Analyzer": {
        "type": "Direct",
        "requested": "[1.10.4539, )",
        "resolved": "1.10.4539",
        "contentHash": "Q7s+3FxZ+GXuQim7Lqq6l0NKYlIRCgMxiJ8EF8Fzs2Atzap0Fk4KdjW8S+FSC2tMScsbq01jH4Aato1SPVAWSA=="
      },
      "Roslynator.Analyzers": {
        "type": "Direct",
        "requested": "[4.3.0, )",
        "resolved": "4.3.0",
        "contentHash": "NZNaV9DAYGHKZ753WfhtBj8eoP40LLJsA6JQXdzhF87iTZAdbKCgp32mI3cnQF4TMXz7bk+CgzF/kDG+m+9bCg=="
      },
      "SonarAnalyzer.CSharp": {
        "type": "Direct",
        "requested": "[9.0.0.68202, )",
        "resolved": "9.0.0.68202",
        "contentHash": "CdkFID8hrFCwxZkB/xubADWO0zZoGxG8fv6MHUoreUQ6syLXCELDE9DZy68ktEX1DhsQeW8IUHMroUU2gh2Byw=="
      },
      "StyleCop.Analyzers": {
        "type": "Direct",
        "requested": "[1.2.0-beta.435, )",
        "resolved": "1.2.0-beta.435",
        "contentHash": "TADk7vdGXtfTnYCV7GyleaaRTQjfoSfZXprQrVMm7cSJtJbFc1QIbWPyLvrgrfGdfHbGmUPvaN4ODKNxg2jgPQ==",
        "dependencies": {
          "StyleCop.Analyzers.Unstable": "1.2.0.435"
        }
      },
      "Microsoft.AspNetCore.Authorization": {
        "type": "Transitive",
        "resolved": "7.0.5",
        "contentHash": "17BgaYa1QB8mOERZ/TSNwsWHrh65iU61VrsqivbZc+VUqnACtPCPbP0MFl/7CznXWCOXQZ59QRB6A5t0skyo2g==",
        "dependencies": {
          "Microsoft.AspNetCore.Metadata": "7.0.5",
          "Microsoft.Extensions.Logging.Abstractions": "7.0.0",
          "Microsoft.Extensions.Options": "7.0.1"
        }
      },
      "Microsoft.AspNetCore.Components.Analyzers": {
        "type": "Transitive",
        "resolved": "7.0.5",
        "contentHash": "jjweXKrkmQ9E2MWyHCuGHAk4I7mIY6WCjq35iRbJWl2nW8G2t41hWrEwUXip5qeL5YzAaiucPMPkHwgc1NH4jA=="
      },
      "Microsoft.AspNetCore.Components.Forms": {
        "type": "Transitive",
        "resolved": "7.0.5",
        "contentHash": "CphmoPsk7zMeQnQOXdE8z6/WQ5npzt1UG++7YYq54MlMJYlIp8M+5fiR3CniNarThnewnAcG2iDywFQuk8JPIg==",
        "dependencies": {
          "Microsoft.AspNetCore.Components": "7.0.5"
        }
      },
      "Microsoft.AspNetCore.Metadata": {
        "type": "Transitive",
        "resolved": "7.0.5",
        "contentHash": "S+EJS5RwVfrgBEyYKvNfMVQPH8CNIRhIH5UkGKalwIcppiYpi6k8pv7GDqjLiKLVa06LY+kNftXfUM5PwW7z/w=="
      },
      "Microsoft.Extensions.DependencyInjection": {
        "type": "Transitive",
        "resolved": "7.0.0",
        "contentHash": "elNeOmkeX3eDVG6pYVeV82p29hr+UKDaBhrZyWvWLw/EVZSYEkZlQdkp0V39k/Xehs2Qa0mvoCvkVj3eQxNQ1Q==",
        "dependencies": {
          "Microsoft.Extensions.DependencyInjection.Abstractions": "7.0.0"
        }
      },
      "Microsoft.Extensions.DependencyInjection.Abstractions": {
        "type": "Transitive",
        "resolved": "7.0.0",
        "contentHash": "h3j/QfmFN4S0w4C2A6X7arXij/M/OVw3uQHSOFxnND4DyAzO1F9eMX7Eti7lU/OkSthEE0WzRsfT/Dmx86jzCw=="
      },
      "Microsoft.Extensions.Logging.Abstractions": {
        "type": "Transitive",
        "resolved": "7.0.0",
        "contentHash": "kmn78+LPVMOWeITUjIlfxUPDsI0R6G0RkeAMBmQxAJ7vBJn4q2dTva7pWi65ceN5vPGjJ9q/Uae2WKgvfktJAw=="
      },
      "Microsoft.Extensions.Options": {
        "type": "Transitive",
        "resolved": "7.0.1",
        "contentHash": "pZRDYdN1FpepOIfHU62QoBQ6zdAoTvnjxFfqAzEd9Jhb2dfhA5i6jeTdgGgcgTWFRC7oT0+3XrbQu4LjvgX1Nw==",
        "dependencies": {
          "Microsoft.Extensions.DependencyInjection.Abstractions": "7.0.0",
          "Microsoft.Extensions.Primitives": "7.0.0"
        }
      },
      "Microsoft.Extensions.Primitives": {
        "type": "Transitive",
        "resolved": "7.0.0",
        "contentHash": "um1KU5kxcRp3CNuI8o/GrZtD4AIOXDk+RLsytjZ9QPok3ttLUelLKpilVPuaFT3TFjOhSibUAso0odbOaCDj3Q=="
      },
      "Microsoft.JSInterop": {
        "type": "Transitive",
        "resolved": "7.0.5",
        "contentHash": "2kXMXlpGmlgLaEMv7k1YzUsPdEVb42PWyIt/46bX0BUMcz1dmFFyCiPJK1jk64t+Pwf3GGP7ykCyxOgB79mz2w=="
      },
      "StyleCop.Analyzers.Unstable": {
        "type": "Transitive",
        "resolved": "1.2.0.435",
        "contentHash": "ouwPWZxbOV3SmCZxIRqHvljkSzkCyi1tDoMzQtDb/bRP8ctASV/iRJr+A2Gdj0QLaLmWnqTWDrH82/iP+X80Lg=="
      },
      "System.IO.Pipelines": {
        "type": "Transitive",
        "resolved": "7.0.0",
        "contentHash": "jRn6JYnNPW6xgQazROBLSfpdoczRw694vO5kKvMcNnpXuolEixUyw6IBuBs2Y2mlSX/LdLvyyWmfXhaI3ND1Yg=="
      },
      "devildaggersinfo.common": {
        "type": "Project"
      },
      "devildaggersinfo.razor.core.canvas": {
        "type": "Project",
        "dependencies": {
          "Microsoft.JSInterop.WebAssembly": "[7.0.5, )"
        }
      },
      "Microsoft.AspNetCore.Components": {
        "type": "CentralTransitive",
        "requested": "[7.0.5, )",
        "resolved": "7.0.5",
        "contentHash": "9xYFXpfEI2H5W3lVSBjzMPK/kGVdMKI49laoUqkjjILMGHdMcnk7ckB7D4SbkzVUWa2rHNXn7H5oiYiL62blTw==",
        "dependencies": {
          "Microsoft.AspNetCore.Authorization": "7.0.5",
          "Microsoft.AspNetCore.Components.Analyzers": "7.0.5"
        }
      },
      "Microsoft.JSInterop.WebAssembly": {
        "type": "CentralTransitive",
        "requested": "[7.0.5, )",
        "resolved": "7.0.5",
        "contentHash": "8u+duxlRWLTGfmJBt9KYOi306ZMppYNRMo293ydqpiMzZwm2DUrw4CmRV6l/5F4/QQwyfkObIzHWdsHnNgHpYQ==",
        "dependencies": {
          "Microsoft.JSInterop": "7.0.5"
        }
      }
    },
    "net7.0/linux-x64": {},
    "net7.0/win-x64": {}
  }
}