Microsoft Visual Studio Solution File, Format Version 12.00
# Visual Studio Version 17
VisualStudioVersion = 17.0.31606.5
MinimumVisualStudioVersion = 10.0.40219.1
Project("{2150E333-8FDC-42A3-9474-1A3956D46DE8}") = "Solution Items", "Solution Items", "{9AE54BA2-750F-42CC-97EC-4DD29A452100}"
	ProjectSection(SolutionItems) = preProject
		..\.editorconfig = ..\.editorconfig
		..\.gitattributes = ..\.gitattributes
		..\.gitignore = ..\.gitignore
		..\docs\architecture.md = ..\docs\architecture.md
		..\.github\workflows\ci.yml = ..\.github\workflows\ci.yml
		Directory.Build.props = Directory.Build.props
		Directory.Packages.props = Directory.Packages.props
		..\LICENSE = ..\LICENSE
		nuget.config = nuget.config
		..\README.md = ..\README.md
	EndProjectSection
EndProject
Project("{9A19103F-16F7-4668-BE54-9A1E7A4F7556}") = "DevilDaggersInfo.Api.Admin", "api\DevilDaggersInfo.Api.Admin\DevilDaggersInfo.Api.Admin.csproj", "{EC97F9DE-B1B3-412D-A3EE-ED5C050BFE4C}"
EndProject
Project("{9A19103F-16F7-4668-BE54-9A1E7A4F7556}") = "DevilDaggersInfo.Api.Dd", "api\DevilDaggersInfo.Api.Dd\DevilDaggersInfo.Api.Dd.csproj", "{486AB9D9-E175-4258-8D4D-11D70C7AA6BC}"
EndProject
Project("{9A19103F-16F7-4668-BE54-9A1E7A4F7556}") = "DevilDaggersInfo.Api.Ddae", "api\DevilDaggersInfo.Api.Ddae\DevilDaggersInfo.Api.Ddae.csproj", "{9E7E1D92-405C-4510-A01F-F0B10B1806AC}"
EndProject
Project("{9A19103F-16F7-4668-BE54-9A1E7A4F7556}") = "DevilDaggersInfo.Api.Ddcl", "api\DevilDaggersInfo.Api.Ddcl\DevilDaggersInfo.Api.Ddcl.csproj", "{83DCD38C-479F-43F4-9B19-DAFF34981B49}"
EndProject
Project("{9A19103F-16F7-4668-BE54-9A1E7A4F7556}") = "DevilDaggersInfo.Api.DdLive", "api\DevilDaggersInfo.Api.DdLive\DevilDaggersInfo.Api.DdLive.csproj", "{A6D89268-4CF2-493B-BDAF-C70711911550}"
EndProject
Project("{9A19103F-16F7-4668-BE54-9A1E7A4F7556}") = "DevilDaggersInfo.Api.Ddse", "api\DevilDaggersInfo.Api.Ddse\DevilDaggersInfo.Api.Ddse.csproj", "{836A4BA6-5CC7-4C90-BB0A-DA4A4559017D}"
EndProject
Project("{9A19103F-16F7-4668-BE54-9A1E7A4F7556}") = "DevilDaggersInfo.Api.DdstatsRust", "api\DevilDaggersInfo.Api.DdstatsRust\DevilDaggersInfo.Api.DdstatsRust.csproj", "{9079FA7B-78BD-4CCE-9B4E-AA541C87C2C7}"
EndProject
Project("{9A19103F-16F7-4668-BE54-9A1E7A4F7556}") = "DevilDaggersInfo.Api.Main", "api\DevilDaggersInfo.Api.Main\DevilDaggersInfo.Api.Main.csproj", "{9B6A9C2A-69BF-4936-A4CA-0F54C298317C}"
EndProject
Project("{9A19103F-16F7-4668-BE54-9A1E7A4F7556}") = "DevilDaggersInfo.AssetEditor.Wpf", "app\DevilDaggersInfo.AssetEditor.Wpf\DevilDaggersInfo.AssetEditor.Wpf.csproj", "{24E952C9-B74C-4F60-9DFC-7EF30B1FB3E2}"
EndProject
Project("{9A19103F-16F7-4668-BE54-9A1E7A4F7556}") = "DevilDaggersInfo.Cmd.ExtractMod", "cmd\DevilDaggersInfo.Cmd.ExtractMod\DevilDaggersInfo.Cmd.ExtractMod.csproj", "{8A747382-EEA6-433F-B61A-85ABD0706E54}"
EndProject
Project("{9A19103F-16F7-4668-BE54-9A1E7A4F7556}") = "DevilDaggersInfo.Cmd.CreateReplay", "cmd\DevilDaggersInfo.Cmd.CreateReplay\DevilDaggersInfo.Cmd.CreateReplay.csproj", "{6BEED33C-F8F8-4884-85A3-FDD48C7C63E8}"
EndProject
Project("{9A19103F-16F7-4668-BE54-9A1E7A4F7556}") = "DevilDaggersInfo.Common", "common\DevilDaggersInfo.Common\DevilDaggersInfo.Common.csproj", "{A45271DA-D8D2-4BAA-83BA-31115C4FD702}"
EndProject
Project("{9A19103F-16F7-4668-BE54-9A1E7A4F7556}") = "DevilDaggersInfo.Common.Tests", "tests\DevilDaggersInfo.Common.Tests\DevilDaggersInfo.Common.Tests.csproj", "{79C2EF91-46DF-4E4D-A083-57C34D15A890}"
EndProject
Project("{9A19103F-16F7-4668-BE54-9A1E7A4F7556}") = "DevilDaggersInfo.CommonSourceGen", "common\DevilDaggersInfo.CommonSourceGen\DevilDaggersInfo.CommonSourceGen.csproj", "{71600AEE-1165-47E4-B45B-8313ED904E58}"
EndProject
Project("{9A19103F-16F7-4668-BE54-9A1E7A4F7556}") = "DevilDaggersInfo.CommonTest", "common\DevilDaggersInfo.CommonTest\DevilDaggersInfo.CommonTest.csproj", "{FFBD67EF-A0A6-41BD-8D4D-4AD440D5630F}"
EndProject
Project("{9A19103F-16F7-4668-BE54-9A1E7A4F7556}") = "DevilDaggersInfo.Core.Asset", "core\DevilDaggersInfo.Core.Asset\DevilDaggersInfo.Core.Asset.csproj", "{E855606F-5DFB-407F-979B-C2F25DC05C5D}"
EndProject
Project("{9A19103F-16F7-4668-BE54-9A1E7A4F7556}") = "DevilDaggersInfo.Core.Asset.SourceGen", "core\DevilDaggersInfo.Core.Asset.SourceGen\DevilDaggersInfo.Core.Asset.SourceGen.csproj", "{2BE3E7C9-DEAF-4D2C-ADFC-40EA3FE3D325}"
EndProject
Project("{9A19103F-16F7-4668-BE54-9A1E7A4F7556}") = "DevilDaggersInfo.Core.Encryption", "core\DevilDaggersInfo.Core.Encryption\DevilDaggersInfo.Core.Encryption.csproj", "{6F010EA4-496C-49C5-B947-82BA4EDA2648}"
EndProject
Project("{9A19103F-16F7-4668-BE54-9A1E7A4F7556}") = "DevilDaggersInfo.Core.Mod", "core\DevilDaggersInfo.Core.Mod\DevilDaggersInfo.Core.Mod.csproj", "{1C25E368-6E37-4144-AAC7-EBA5475BD833}"
EndProject
Project("{9A19103F-16F7-4668-BE54-9A1E7A4F7556}") = "DevilDaggersInfo.Core.Mod.Tests", "tests\DevilDaggersInfo.Core.Mod.Tests\DevilDaggersInfo.Core.Mod.Tests.csproj", "{4E3108DD-0F00-45E6-89E9-4F27BCAEF08E}"
EndProject
Project("{9A19103F-16F7-4668-BE54-9A1E7A4F7556}") = "DevilDaggersInfo.Core.Replay", "core\DevilDaggersInfo.Core.Replay\DevilDaggersInfo.Core.Replay.csproj", "{1FCF3262-FC25-43E1-BDFC-C10CCA94CCAC}"
EndProject
Project("{9A19103F-16F7-4668-BE54-9A1E7A4F7556}") = "DevilDaggersInfo.Core.Replay.Tests", "tests\DevilDaggersInfo.Core.Replay.Tests\DevilDaggersInfo.Core.Replay.Tests.csproj", "{B8E3A732-CFDA-41B2-8680-9EA868516633}"
EndProject
Project("{9A19103F-16F7-4668-BE54-9A1E7A4F7556}") = "DevilDaggersInfo.Core.Spawnset", "core\DevilDaggersInfo.Core.Spawnset\DevilDaggersInfo.Core.Spawnset.csproj", "{F899EBF6-12A0-49B8-A163-511F3E92E991}"
EndProject
Project("{9A19103F-16F7-4668-BE54-9A1E7A4F7556}") = "DevilDaggersInfo.Core.Spawnset.Tests", "tests\DevilDaggersInfo.Core.Spawnset.Tests\DevilDaggersInfo.Core.Spawnset.Tests.csproj", "{77938023-7892-4211-8E07-03522DF7CFD7}"
EndProject
Project("{9A19103F-16F7-4668-BE54-9A1E7A4F7556}") = "DevilDaggersInfo.Core.Wiki", "core\DevilDaggersInfo.Core.Wiki\DevilDaggersInfo.Core.Wiki.csproj", "{BA3418E3-BC09-4F07-9A84-79379BA02DCC}"
EndProject
Project("{9A19103F-16F7-4668-BE54-9A1E7A4F7556}") = "DevilDaggersInfo.Core.Wiki.SourceGen", "core\DevilDaggersInfo.Core.Wiki.SourceGen\DevilDaggersInfo.Core.Wiki.SourceGen.csproj", "{3B98ACA6-2DD1-430D-948A-2796E4C4A866}"
EndProject
Project("{9A19103F-16F7-4668-BE54-9A1E7A4F7556}") = "DevilDaggersInfo.Core.Wiki.Tests", "tests\DevilDaggersInfo.Core.Wiki.Tests\DevilDaggersInfo.Core.Wiki.Tests.csproj", "{07BBEC96-50D3-49A2-934F-AC8BB7E8BB0D}"
EndProject
Project("{9A19103F-16F7-4668-BE54-9A1E7A4F7556}") = "DevilDaggersInfo.Razor.Core.AssetEditor", "razor\DevilDaggersInfo.Razor.Core.AssetEditor\DevilDaggersInfo.Razor.Core.AssetEditor.csproj", "{620FA9AC-8E7E-42AF-B145-28FBB728EA92}"
EndProject
Project("{9A19103F-16F7-4668-BE54-9A1E7A4F7556}") = "DevilDaggersInfo.Razor.Core.CanvasChart", "razor\DevilDaggersInfo.Razor.Core.CanvasChart\DevilDaggersInfo.Razor.Core.CanvasChart.csproj", "{AFE93FD3-7CB5-43AC-816E-987D75F98DDF}"
EndProject
Project("{9A19103F-16F7-4668-BE54-9A1E7A4F7556}") = "DevilDaggersInfo.Razor.Core.Unmarshalled", "razor\DevilDaggersInfo.Razor.Core.Unmarshalled\DevilDaggersInfo.Razor.Core.Unmarshalled.csproj", "{AE5DAE4E-61EE-4BA6-B21B-2828DF7EEBE3}"
EndProject
Project("{9A19103F-16F7-4668-BE54-9A1E7A4F7556}") = "DevilDaggersInfo.Tool.CleanBuild", "tool\DevilDaggersInfo.Tool.CleanBuild\DevilDaggersInfo.Tool.CleanBuild.csproj", "{A0CC71FC-5AF0-4946-8575-605A02213B08}"
EndProject
Project("{9A19103F-16F7-4668-BE54-9A1E7A4F7556}") = "DevilDaggersInfo.Tool.DistributeHistoryStats", "tool\DevilDaggersInfo.Tool.DistributeHistoryStats\DevilDaggersInfo.Tool.DistributeHistoryStats.csproj", "{B11627A5-9A22-4E5F-8B35-C27869339BA7}"
EndProject
Project("{9A19103F-16F7-4668-BE54-9A1E7A4F7556}") = "DevilDaggersInfo.Tool.FetchLeaderboard", "tool\DevilDaggersInfo.Tool.FetchLeaderboard\DevilDaggersInfo.Tool.FetchLeaderboard.csproj", "{17BA3EE7-7067-4A07-A978-27D05E8D0CCE}"
EndProject
Project("{9A19103F-16F7-4668-BE54-9A1E7A4F7556}") = "DevilDaggersInfo.Tool.GenerateClient", "tool\DevilDaggersInfo.Tool.GenerateClient\DevilDaggersInfo.Tool.GenerateClient.csproj", "{9178E989-F0E7-44EE-BC27-FD07D06DD5DA}"
EndProject
Project("{9A19103F-16F7-4668-BE54-9A1E7A4F7556}") = "DevilDaggersInfo.Web.Client", "web\DevilDaggersInfo.Web.Client\DevilDaggersInfo.Web.Client.csproj", "{0F9B44AE-52A6-4BCD-8AC1-72FE4235E356}"
EndProject
Project("{9A19103F-16F7-4668-BE54-9A1E7A4F7556}") = "DevilDaggersInfo.Web.Core.Claims", "web\DevilDaggersInfo.Web.Core.Claims\DevilDaggersInfo.Web.Core.Claims.csproj", "{296837AA-47C6-4679-AE63-39EFA4C98675}"
EndProject
Project("{9A19103F-16F7-4668-BE54-9A1E7A4F7556}") = "DevilDaggersInfo.Web.Server", "web\DevilDaggersInfo.Web.Server\DevilDaggersInfo.Web.Server.csproj", "{595CAB68-C85D-4AAD-B78F-4CC499921E61}"
EndProject
Project("{9A19103F-16F7-4668-BE54-9A1E7A4F7556}") = "DevilDaggersInfo.Web.Server.Domain", "web\DevilDaggersInfo.Web.Server.Domain\DevilDaggersInfo.Web.Server.Domain.csproj", "{FA23F585-CF8F-49ED-8E47-D1B9235774CD}"
EndProject
Project("{9A19103F-16F7-4668-BE54-9A1E7A4F7556}") = "DevilDaggersInfo.Web.Server.Domain.Tests", "tests\DevilDaggersInfo.Web.Server.Domain.Tests\DevilDaggersInfo.Web.Server.Domain.Tests.csproj", "{CB715CD9-FB6A-4E79-B9C0-830833223D91}"
EndProject
Global
	GlobalSection(SolutionConfigurationPlatforms) = preSolution
		Debug|Any CPU = Debug|Any CPU
		Release|Any CPU = Release|Any CPU
	EndGlobalSection
	GlobalSection(ProjectConfigurationPlatforms) = postSolution
		{EC97F9DE-B1B3-412D-A3EE-ED5C050BFE4C}.Debug|Any CPU.ActiveCfg = Debug|Any CPU
		{EC97F9DE-B1B3-412D-A3EE-ED5C050BFE4C}.Debug|Any CPU.Build.0 = Debug|Any CPU
		{EC97F9DE-B1B3-412D-A3EE-ED5C050BFE4C}.Release|Any CPU.ActiveCfg = Release|Any CPU
		{EC97F9DE-B1B3-412D-A3EE-ED5C050BFE4C}.Release|Any CPU.Build.0 = Release|Any CPU
		{486AB9D9-E175-4258-8D4D-11D70C7AA6BC}.Debug|Any CPU.ActiveCfg = Debug|Any CPU
		{486AB9D9-E175-4258-8D4D-11D70C7AA6BC}.Debug|Any CPU.Build.0 = Debug|Any CPU
		{486AB9D9-E175-4258-8D4D-11D70C7AA6BC}.Release|Any CPU.ActiveCfg = Release|Any CPU
		{486AB9D9-E175-4258-8D4D-11D70C7AA6BC}.Release|Any CPU.Build.0 = Release|Any CPU
		{9E7E1D92-405C-4510-A01F-F0B10B1806AC}.Debug|Any CPU.ActiveCfg = Debug|Any CPU
		{9E7E1D92-405C-4510-A01F-F0B10B1806AC}.Debug|Any CPU.Build.0 = Debug|Any CPU
		{9E7E1D92-405C-4510-A01F-F0B10B1806AC}.Release|Any CPU.ActiveCfg = Release|Any CPU
		{9E7E1D92-405C-4510-A01F-F0B10B1806AC}.Release|Any CPU.Build.0 = Release|Any CPU
		{83DCD38C-479F-43F4-9B19-DAFF34981B49}.Debug|Any CPU.ActiveCfg = Debug|Any CPU
		{83DCD38C-479F-43F4-9B19-DAFF34981B49}.Debug|Any CPU.Build.0 = Debug|Any CPU
		{83DCD38C-479F-43F4-9B19-DAFF34981B49}.Release|Any CPU.ActiveCfg = Release|Any CPU
		{83DCD38C-479F-43F4-9B19-DAFF34981B49}.Release|Any CPU.Build.0 = Release|Any CPU
		{A6D89268-4CF2-493B-BDAF-C70711911550}.Debug|Any CPU.ActiveCfg = Debug|Any CPU
		{A6D89268-4CF2-493B-BDAF-C70711911550}.Debug|Any CPU.Build.0 = Debug|Any CPU
		{A6D89268-4CF2-493B-BDAF-C70711911550}.Release|Any CPU.ActiveCfg = Release|Any CPU
		{A6D89268-4CF2-493B-BDAF-C70711911550}.Release|Any CPU.Build.0 = Release|Any CPU
		{836A4BA6-5CC7-4C90-BB0A-DA4A4559017D}.Debug|Any CPU.ActiveCfg = Debug|Any CPU
		{836A4BA6-5CC7-4C90-BB0A-DA4A4559017D}.Debug|Any CPU.Build.0 = Debug|Any CPU
		{836A4BA6-5CC7-4C90-BB0A-DA4A4559017D}.Release|Any CPU.ActiveCfg = Release|Any CPU
		{836A4BA6-5CC7-4C90-BB0A-DA4A4559017D}.Release|Any CPU.Build.0 = Release|Any CPU
		{9079FA7B-78BD-4CCE-9B4E-AA541C87C2C7}.Debug|Any CPU.ActiveCfg = Debug|Any CPU
		{9079FA7B-78BD-4CCE-9B4E-AA541C87C2C7}.Debug|Any CPU.Build.0 = Debug|Any CPU
		{9079FA7B-78BD-4CCE-9B4E-AA541C87C2C7}.Release|Any CPU.ActiveCfg = Release|Any CPU
		{9079FA7B-78BD-4CCE-9B4E-AA541C87C2C7}.Release|Any CPU.Build.0 = Release|Any CPU
		{9B6A9C2A-69BF-4936-A4CA-0F54C298317C}.Debug|Any CPU.ActiveCfg = Debug|Any CPU
		{9B6A9C2A-69BF-4936-A4CA-0F54C298317C}.Debug|Any CPU.Build.0 = Debug|Any CPU
		{9B6A9C2A-69BF-4936-A4CA-0F54C298317C}.Release|Any CPU.ActiveCfg = Release|Any CPU
		{9B6A9C2A-69BF-4936-A4CA-0F54C298317C}.Release|Any CPU.Build.0 = Release|Any CPU
		{24E952C9-B74C-4F60-9DFC-7EF30B1FB3E2}.Debug|Any CPU.ActiveCfg = Debug|Any CPU
		{24E952C9-B74C-4F60-9DFC-7EF30B1FB3E2}.Debug|Any CPU.Build.0 = Debug|Any CPU
		{24E952C9-B74C-4F60-9DFC-7EF30B1FB3E2}.Release|Any CPU.ActiveCfg = Release|Any CPU
		{24E952C9-B74C-4F60-9DFC-7EF30B1FB3E2}.Release|Any CPU.Build.0 = Release|Any CPU
		{8A747382-EEA6-433F-B61A-85ABD0706E54}.Debug|Any CPU.ActiveCfg = Debug|Any CPU
		{8A747382-EEA6-433F-B61A-85ABD0706E54}.Debug|Any CPU.Build.0 = Debug|Any CPU
		{8A747382-EEA6-433F-B61A-85ABD0706E54}.Release|Any CPU.ActiveCfg = Release|Any CPU
		{8A747382-EEA6-433F-B61A-85ABD0706E54}.Release|Any CPU.Build.0 = Release|Any CPU
		{6BEED33C-F8F8-4884-85A3-FDD48C7C63E8}.Debug|Any CPU.ActiveCfg = Debug|Any CPU
		{6BEED33C-F8F8-4884-85A3-FDD48C7C63E8}.Debug|Any CPU.Build.0 = Debug|Any CPU
		{6BEED33C-F8F8-4884-85A3-FDD48C7C63E8}.Release|Any CPU.ActiveCfg = Release|Any CPU
		{6BEED33C-F8F8-4884-85A3-FDD48C7C63E8}.Release|Any CPU.Build.0 = Release|Any CPU
		{A45271DA-D8D2-4BAA-83BA-31115C4FD702}.Debug|Any CPU.ActiveCfg = Debug|Any CPU
		{A45271DA-D8D2-4BAA-83BA-31115C4FD702}.Debug|Any CPU.Build.0 = Debug|Any CPU
		{A45271DA-D8D2-4BAA-83BA-31115C4FD702}.Release|Any CPU.ActiveCfg = Release|Any CPU
		{A45271DA-D8D2-4BAA-83BA-31115C4FD702}.Release|Any CPU.Build.0 = Release|Any CPU
		{79C2EF91-46DF-4E4D-A083-57C34D15A890}.Debug|Any CPU.ActiveCfg = Debug|Any CPU
		{79C2EF91-46DF-4E4D-A083-57C34D15A890}.Debug|Any CPU.Build.0 = Debug|Any CPU
		{79C2EF91-46DF-4E4D-A083-57C34D15A890}.Release|Any CPU.ActiveCfg = Release|Any CPU
		{79C2EF91-46DF-4E4D-A083-57C34D15A890}.Release|Any CPU.Build.0 = Release|Any CPU
		{71600AEE-1165-47E4-B45B-8313ED904E58}.Debug|Any CPU.ActiveCfg = Debug|Any CPU
		{71600AEE-1165-47E4-B45B-8313ED904E58}.Debug|Any CPU.Build.0 = Debug|Any CPU
		{71600AEE-1165-47E4-B45B-8313ED904E58}.Release|Any CPU.ActiveCfg = Release|Any CPU
		{71600AEE-1165-47E4-B45B-8313ED904E58}.Release|Any CPU.Build.0 = Release|Any CPU
		{FFBD67EF-A0A6-41BD-8D4D-4AD440D5630F}.Debug|Any CPU.ActiveCfg = Debug|Any CPU
		{FFBD67EF-A0A6-41BD-8D4D-4AD440D5630F}.Debug|Any CPU.Build.0 = Debug|Any CPU
		{FFBD67EF-A0A6-41BD-8D4D-4AD440D5630F}.Release|Any CPU.ActiveCfg = Release|Any CPU
		{FFBD67EF-A0A6-41BD-8D4D-4AD440D5630F}.Release|Any CPU.Build.0 = Release|Any CPU
		{E855606F-5DFB-407F-979B-C2F25DC05C5D}.Debug|Any CPU.ActiveCfg = Debug|Any CPU
		{E855606F-5DFB-407F-979B-C2F25DC05C5D}.Debug|Any CPU.Build.0 = Debug|Any CPU
		{E855606F-5DFB-407F-979B-C2F25DC05C5D}.Release|Any CPU.ActiveCfg = Release|Any CPU
		{E855606F-5DFB-407F-979B-C2F25DC05C5D}.Release|Any CPU.Build.0 = Release|Any CPU
		{2BE3E7C9-DEAF-4D2C-ADFC-40EA3FE3D325}.Debug|Any CPU.ActiveCfg = Debug|Any CPU
		{2BE3E7C9-DEAF-4D2C-ADFC-40EA3FE3D325}.Debug|Any CPU.Build.0 = Debug|Any CPU
		{2BE3E7C9-DEAF-4D2C-ADFC-40EA3FE3D325}.Release|Any CPU.ActiveCfg = Release|Any CPU
		{2BE3E7C9-DEAF-4D2C-ADFC-40EA3FE3D325}.Release|Any CPU.Build.0 = Release|Any CPU
		{6F010EA4-496C-49C5-B947-82BA4EDA2648}.Debug|Any CPU.ActiveCfg = Debug|Any CPU
		{6F010EA4-496C-49C5-B947-82BA4EDA2648}.Debug|Any CPU.Build.0 = Debug|Any CPU
		{6F010EA4-496C-49C5-B947-82BA4EDA2648}.Release|Any CPU.ActiveCfg = Release|Any CPU
		{6F010EA4-496C-49C5-B947-82BA4EDA2648}.Release|Any CPU.Build.0 = Release|Any CPU
		{1C25E368-6E37-4144-AAC7-EBA5475BD833}.Debug|Any CPU.ActiveCfg = Debug|Any CPU
		{1C25E368-6E37-4144-AAC7-EBA5475BD833}.Debug|Any CPU.Build.0 = Debug|Any CPU
		{1C25E368-6E37-4144-AAC7-EBA5475BD833}.Release|Any CPU.ActiveCfg = Release|Any CPU
		{1C25E368-6E37-4144-AAC7-EBA5475BD833}.Release|Any CPU.Build.0 = Release|Any CPU
		{4E3108DD-0F00-45E6-89E9-4F27BCAEF08E}.Debug|Any CPU.ActiveCfg = Debug|Any CPU
		{4E3108DD-0F00-45E6-89E9-4F27BCAEF08E}.Debug|Any CPU.Build.0 = Debug|Any CPU
		{4E3108DD-0F00-45E6-89E9-4F27BCAEF08E}.Release|Any CPU.ActiveCfg = Release|Any CPU
		{4E3108DD-0F00-45E6-89E9-4F27BCAEF08E}.Release|Any CPU.Build.0 = Release|Any CPU
		{1FCF3262-FC25-43E1-BDFC-C10CCA94CCAC}.Debug|Any CPU.ActiveCfg = Debug|Any CPU
		{1FCF3262-FC25-43E1-BDFC-C10CCA94CCAC}.Debug|Any CPU.Build.0 = Debug|Any CPU
		{1FCF3262-FC25-43E1-BDFC-C10CCA94CCAC}.Release|Any CPU.ActiveCfg = Release|Any CPU
		{1FCF3262-FC25-43E1-BDFC-C10CCA94CCAC}.Release|Any CPU.Build.0 = Release|Any CPU
		{B8E3A732-CFDA-41B2-8680-9EA868516633}.Debug|Any CPU.ActiveCfg = Debug|Any CPU
		{B8E3A732-CFDA-41B2-8680-9EA868516633}.Debug|Any CPU.Build.0 = Debug|Any CPU
		{B8E3A732-CFDA-41B2-8680-9EA868516633}.Release|Any CPU.ActiveCfg = Release|Any CPU
		{B8E3A732-CFDA-41B2-8680-9EA868516633}.Release|Any CPU.Build.0 = Release|Any CPU
		{F899EBF6-12A0-49B8-A163-511F3E92E991}.Debug|Any CPU.ActiveCfg = Debug|Any CPU
		{F899EBF6-12A0-49B8-A163-511F3E92E991}.Debug|Any CPU.Build.0 = Debug|Any CPU
		{F899EBF6-12A0-49B8-A163-511F3E92E991}.Release|Any CPU.ActiveCfg = Release|Any CPU
		{F899EBF6-12A0-49B8-A163-511F3E92E991}.Release|Any CPU.Build.0 = Release|Any CPU
		{77938023-7892-4211-8E07-03522DF7CFD7}.Debug|Any CPU.ActiveCfg = Debug|Any CPU
		{77938023-7892-4211-8E07-03522DF7CFD7}.Debug|Any CPU.Build.0 = Debug|Any CPU
		{77938023-7892-4211-8E07-03522DF7CFD7}.Release|Any CPU.ActiveCfg = Release|Any CPU
		{77938023-7892-4211-8E07-03522DF7CFD7}.Release|Any CPU.Build.0 = Release|Any CPU
		{BA3418E3-BC09-4F07-9A84-79379BA02DCC}.Debug|Any CPU.ActiveCfg = Debug|Any CPU
		{BA3418E3-BC09-4F07-9A84-79379BA02DCC}.Debug|Any CPU.Build.0 = Debug|Any CPU
		{BA3418E3-BC09-4F07-9A84-79379BA02DCC}.Release|Any CPU.ActiveCfg = Release|Any CPU
		{BA3418E3-BC09-4F07-9A84-79379BA02DCC}.Release|Any CPU.Build.0 = Release|Any CPU
		{3B98ACA6-2DD1-430D-948A-2796E4C4A866}.Debug|Any CPU.ActiveCfg = Debug|Any CPU
		{3B98ACA6-2DD1-430D-948A-2796E4C4A866}.Debug|Any CPU.Build.0 = Debug|Any CPU
		{3B98ACA6-2DD1-430D-948A-2796E4C4A866}.Release|Any CPU.ActiveCfg = Release|Any CPU
		{3B98ACA6-2DD1-430D-948A-2796E4C4A866}.Release|Any CPU.Build.0 = Release|Any CPU
		{07BBEC96-50D3-49A2-934F-AC8BB7E8BB0D}.Debug|Any CPU.ActiveCfg = Debug|Any CPU
		{07BBEC96-50D3-49A2-934F-AC8BB7E8BB0D}.Debug|Any CPU.Build.0 = Debug|Any CPU
		{07BBEC96-50D3-49A2-934F-AC8BB7E8BB0D}.Release|Any CPU.ActiveCfg = Release|Any CPU
		{07BBEC96-50D3-49A2-934F-AC8BB7E8BB0D}.Release|Any CPU.Build.0 = Release|Any CPU
		{620FA9AC-8E7E-42AF-B145-28FBB728EA92}.Debug|Any CPU.ActiveCfg = Debug|Any CPU
		{620FA9AC-8E7E-42AF-B145-28FBB728EA92}.Debug|Any CPU.Build.0 = Debug|Any CPU
		{620FA9AC-8E7E-42AF-B145-28FBB728EA92}.Release|Any CPU.ActiveCfg = Release|Any CPU
		{620FA9AC-8E7E-42AF-B145-28FBB728EA92}.Release|Any CPU.Build.0 = Release|Any CPU
		{AFE93FD3-7CB5-43AC-816E-987D75F98DDF}.Debug|Any CPU.ActiveCfg = Debug|Any CPU
		{AFE93FD3-7CB5-43AC-816E-987D75F98DDF}.Debug|Any CPU.Build.0 = Debug|Any CPU
		{AFE93FD3-7CB5-43AC-816E-987D75F98DDF}.Release|Any CPU.ActiveCfg = Release|Any CPU
		{AFE93FD3-7CB5-43AC-816E-987D75F98DDF}.Release|Any CPU.Build.0 = Release|Any CPU
		{AE5DAE4E-61EE-4BA6-B21B-2828DF7EEBE3}.Debug|Any CPU.ActiveCfg = Debug|Any CPU
		{AE5DAE4E-61EE-4BA6-B21B-2828DF7EEBE3}.Debug|Any CPU.Build.0 = Debug|Any CPU
		{AE5DAE4E-61EE-4BA6-B21B-2828DF7EEBE3}.Release|Any CPU.ActiveCfg = Release|Any CPU
		{AE5DAE4E-61EE-4BA6-B21B-2828DF7EEBE3}.Release|Any CPU.Build.0 = Release|Any CPU
		{A0CC71FC-5AF0-4946-8575-605A02213B08}.Debug|Any CPU.ActiveCfg = Debug|Any CPU
		{A0CC71FC-5AF0-4946-8575-605A02213B08}.Debug|Any CPU.Build.0 = Debug|Any CPU
		{A0CC71FC-5AF0-4946-8575-605A02213B08}.Release|Any CPU.ActiveCfg = Release|Any CPU
		{A0CC71FC-5AF0-4946-8575-605A02213B08}.Release|Any CPU.Build.0 = Release|Any CPU
		{B11627A5-9A22-4E5F-8B35-C27869339BA7}.Debug|Any CPU.ActiveCfg = Debug|Any CPU
		{B11627A5-9A22-4E5F-8B35-C27869339BA7}.Debug|Any CPU.Build.0 = Debug|Any CPU
		{B11627A5-9A22-4E5F-8B35-C27869339BA7}.Release|Any CPU.ActiveCfg = Release|Any CPU
		{B11627A5-9A22-4E5F-8B35-C27869339BA7}.Release|Any CPU.Build.0 = Release|Any CPU
		{17BA3EE7-7067-4A07-A978-27D05E8D0CCE}.Debug|Any CPU.ActiveCfg = Debug|Any CPU
		{17BA3EE7-7067-4A07-A978-27D05E8D0CCE}.Debug|Any CPU.Build.0 = Debug|Any CPU
		{17BA3EE7-7067-4A07-A978-27D05E8D0CCE}.Release|Any CPU.ActiveCfg = Release|Any CPU
		{17BA3EE7-7067-4A07-A978-27D05E8D0CCE}.Release|Any CPU.Build.0 = Release|Any CPU
		{9178E989-F0E7-44EE-BC27-FD07D06DD5DA}.Debug|Any CPU.ActiveCfg = Debug|Any CPU
		{9178E989-F0E7-44EE-BC27-FD07D06DD5DA}.Debug|Any CPU.Build.0 = Debug|Any CPU
		{9178E989-F0E7-44EE-BC27-FD07D06DD5DA}.Release|Any CPU.ActiveCfg = Release|Any CPU
		{9178E989-F0E7-44EE-BC27-FD07D06DD5DA}.Release|Any CPU.Build.0 = Release|Any CPU
		{0F9B44AE-52A6-4BCD-8AC1-72FE4235E356}.Debug|Any CPU.ActiveCfg = Debug|Any CPU
		{0F9B44AE-52A6-4BCD-8AC1-72FE4235E356}.Debug|Any CPU.Build.0 = Debug|Any CPU
		{0F9B44AE-52A6-4BCD-8AC1-72FE4235E356}.Release|Any CPU.ActiveCfg = Release|Any CPU
		{0F9B44AE-52A6-4BCD-8AC1-72FE4235E356}.Release|Any CPU.Build.0 = Release|Any CPU
		{296837AA-47C6-4679-AE63-39EFA4C98675}.Debug|Any CPU.ActiveCfg = Debug|Any CPU
		{296837AA-47C6-4679-AE63-39EFA4C98675}.Debug|Any CPU.Build.0 = Debug|Any CPU
		{296837AA-47C6-4679-AE63-39EFA4C98675}.Release|Any CPU.ActiveCfg = Release|Any CPU
		{296837AA-47C6-4679-AE63-39EFA4C98675}.Release|Any CPU.Build.0 = Release|Any CPU
		{595CAB68-C85D-4AAD-B78F-4CC499921E61}.Debug|Any CPU.ActiveCfg = Debug|Any CPU
		{595CAB68-C85D-4AAD-B78F-4CC499921E61}.Debug|Any CPU.Build.0 = Debug|Any CPU
		{595CAB68-C85D-4AAD-B78F-4CC499921E61}.Release|Any CPU.ActiveCfg = Release|Any CPU
		{595CAB68-C85D-4AAD-B78F-4CC499921E61}.Release|Any CPU.Build.0 = Release|Any CPU
		{FA23F585-CF8F-49ED-8E47-D1B9235774CD}.Debug|Any CPU.ActiveCfg = Debug|Any CPU
		{FA23F585-CF8F-49ED-8E47-D1B9235774CD}.Debug|Any CPU.Build.0 = Debug|Any CPU
		{FA23F585-CF8F-49ED-8E47-D1B9235774CD}.Release|Any CPU.ActiveCfg = Release|Any CPU
		{FA23F585-CF8F-49ED-8E47-D1B9235774CD}.Release|Any CPU.Build.0 = Release|Any CPU
		{CB715CD9-FB6A-4E79-B9C0-830833223D91}.Debug|Any CPU.ActiveCfg = Debug|Any CPU
		{CB715CD9-FB6A-4E79-B9C0-830833223D91}.Debug|Any CPU.Build.0 = Debug|Any CPU
		{CB715CD9-FB6A-4E79-B9C0-830833223D91}.Release|Any CPU.ActiveCfg = Release|Any CPU
		{CB715CD9-FB6A-4E79-B9C0-830833223D91}.Release|Any CPU.Build.0 = Release|Any CPU
	EndGlobalSection
	GlobalSection(SolutionProperties) = preSolution
		HideSolutionNode = FALSE
	EndGlobalSection
	GlobalSection(ExtensibilityGlobals) = postSolution
		SolutionGuid = {E27EC676-81BF-4099-BFC9-20E860CE83A5}
	EndGlobalSection
EndGlobal
