Microsoft Visual Studio Solution File, Format Version 12.00
# Visual Studio Version 17
VisualStudioVersion = 17.0.31606.5
MinimumVisualStudioVersion = 10.0.40219.1
Project("{2150E333-8FDC-42A3-9474-1A3956D46DE8}") = "_root", "_root", "{9AE54BA2-750F-42CC-97EC-4DD29A452100}"
	ProjectSection(SolutionItems) = preProject
		..\.editorconfig = ..\.editorconfig
		..\.gitattributes = ..\.gitattributes
		..\.gitignore = ..\.gitignore
		tests\.runsettings = tests\.runsettings
		..\.github\workflows\ci.yml = ..\.github\workflows\ci.yml
		..\.github\dependabot.yml = ..\.github\dependabot.yml
		Directory.Build.props = Directory.Build.props
		Directory.Packages.props = Directory.Packages.props
		..\LICENSE = ..\LICENSE
		nuget.config = nuget.config
		..\README.md = ..\README.md
	EndProjectSection
EndProject
Project("{9A19103F-16F7-4668-BE54-9A1E7A4F7556}") = "DevilDaggersInfo.Api.Admin", "api\DevilDaggersInfo.Api.Admin\DevilDaggersInfo.Api.Admin.csproj", "{EC97F9DE-B1B3-412D-A3EE-ED5C050BFE4C}"
EndProject
Project("{9A19103F-16F7-4668-BE54-9A1E7A4F7556}") = "DevilDaggersInfo.Api.Clubber", "api\DevilDaggersInfo.Api.Clubber\DevilDaggersInfo.Api.Clubber.csproj", "{632A2501-8B00-4F03-AD6F-6A57DA030E6D}"
EndProject
Project("{9A19103F-16F7-4668-BE54-9A1E7A4F7556}") = "DevilDaggersInfo.Api.Dd", "api\DevilDaggersInfo.Api.Dd\DevilDaggersInfo.Api.Dd.csproj", "{486AB9D9-E175-4258-8D4D-11D70C7AA6BC}"
EndProject
Project("{9A19103F-16F7-4668-BE54-9A1E7A4F7556}") = "DevilDaggersInfo.Api.Ddae", "api\DevilDaggersInfo.Api.Ddae\DevilDaggersInfo.Api.Ddae.csproj", "{9E7E1D92-405C-4510-A01F-F0B10B1806AC}"
EndProject
Project("{9A19103F-16F7-4668-BE54-9A1E7A4F7556}") = "DevilDaggersInfo.Api.Ddcl", "api\DevilDaggersInfo.Api.Ddcl\DevilDaggersInfo.Api.Ddcl.csproj", "{83DCD38C-479F-43F4-9B19-DAFF34981B49}"
EndProject
Project("{9A19103F-16F7-4668-BE54-9A1E7A4F7556}") = "DevilDaggersInfo.Api.Ddiam", "api\DevilDaggersInfo.Api.Ddiam\DevilDaggersInfo.Api.Ddiam.csproj", "{1EA9BCF0-BEFA-412C-B038-07F4E00C4D59}"
EndProject
Project("{9A19103F-16F7-4668-BE54-9A1E7A4F7556}") = "DevilDaggersInfo.Api.DdLive", "api\DevilDaggersInfo.Api.DdLive\DevilDaggersInfo.Api.DdLive.csproj", "{A6D89268-4CF2-493B-BDAF-C70711911550}"
EndProject
Project("{FAE04EC0-301F-11D3-BF4B-00C04F79EFBC}") = "DevilDaggersInfo.Api.Ddre", "api\DevilDaggersInfo.Api.Ddre\DevilDaggersInfo.Api.Ddre.csproj", "{E4395147-A743-4C30-A605-B43545E3E2F8}"
EndProject
Project("{9A19103F-16F7-4668-BE54-9A1E7A4F7556}") = "DevilDaggersInfo.Api.Ddse", "api\DevilDaggersInfo.Api.Ddse\DevilDaggersInfo.Api.Ddse.csproj", "{836A4BA6-5CC7-4C90-BB0A-DA4A4559017D}"
EndProject
Project("{9A19103F-16F7-4668-BE54-9A1E7A4F7556}") = "DevilDaggersInfo.Api.DdstatsRust", "api\DevilDaggersInfo.Api.DdstatsRust\DevilDaggersInfo.Api.DdstatsRust.csproj", "{9079FA7B-78BD-4CCE-9B4E-AA541C87C2C7}"
EndProject
Project("{9A19103F-16F7-4668-BE54-9A1E7A4F7556}") = "DevilDaggersInfo.Api.Main", "api\DevilDaggersInfo.Api.Main\DevilDaggersInfo.Api.Main.csproj", "{9B6A9C2A-69BF-4936-A4CA-0F54C298317C}"
EndProject
Project("{9A19103F-16F7-4668-BE54-9A1E7A4F7556}") = "DevilDaggersInfo.App.AppManager.Photino", "app\DevilDaggersInfo.App.AppManager.Photino\DevilDaggersInfo.App.AppManager.Photino.csproj", "{BCA56B07-176C-46FC-9309-957CB241069D}"
EndProject
Project("{9A19103F-16F7-4668-BE54-9A1E7A4F7556}") = "DevilDaggersInfo.App.AssetEditor.Photino", "app\DevilDaggersInfo.App.AssetEditor.Photino\DevilDaggersInfo.App.AssetEditor.Photino.csproj", "{FDD9817A-0B83-428D-AE15-A3E886B3E83B}"
EndProject
Project("{9A19103F-16F7-4668-BE54-9A1E7A4F7556}") = "DevilDaggersInfo.App.Core.ApiClient", "app-core\DevilDaggersInfo.App.Core.ApiClient\DevilDaggersInfo.App.Core.ApiClient.csproj", "{EFD1861B-76F2-4E80-B1A4-21127297B2AA}"
EndProject
Project("{9A19103F-16F7-4668-BE54-9A1E7A4F7556}") = "DevilDaggersInfo.App.Core.GameMemory", "app-core\DevilDaggersInfo.App.Core.GameMemory\DevilDaggersInfo.App.Core.GameMemory.csproj", "{F8DCF34B-4EF0-43AB-B578-D18B1417BD93}"
EndProject
Project("{9A19103F-16F7-4668-BE54-9A1E7A4F7556}") = "DevilDaggersInfo.App.Core.NativeInterface", "app-core\DevilDaggersInfo.App.Core.NativeInterface\DevilDaggersInfo.App.Core.NativeInterface.csproj", "{6D7EE612-55E1-4609-ADA1-B612193232AD}"
EndProject
Project("{9A19103F-16F7-4668-BE54-9A1E7A4F7556}") = "DevilDaggersInfo.App.CustomLeaderboard.Photino", "app\DevilDaggersInfo.App.CustomLeaderboard.Photino\DevilDaggersInfo.App.CustomLeaderboard.Photino.csproj", "{959D393E-D56C-4C30-8E69-F3657781F010}"
EndProject
Project("{9A19103F-16F7-4668-BE54-9A1E7A4F7556}") = "DevilDaggersInfo.App.ReplayEditor.Photino", "app\DevilDaggersInfo.App.ReplayEditor.Photino\DevilDaggersInfo.App.ReplayEditor.Photino.csproj", "{CA612879-D0A8-41AD-9265-78BADEF2BA84}"
EndProject
Project("{9A19103F-16F7-4668-BE54-9A1E7A4F7556}") = "DevilDaggersInfo.Cmd.ExtractMod", "cmd\DevilDaggersInfo.Cmd.ExtractMod\DevilDaggersInfo.Cmd.ExtractMod.csproj", "{8A747382-EEA6-433F-B61A-85ABD0706E54}"
EndProject
Project("{9A19103F-16F7-4668-BE54-9A1E7A4F7556}") = "DevilDaggersInfo.Cmd.CreateReplay", "cmd\DevilDaggersInfo.Cmd.CreateReplay\DevilDaggersInfo.Cmd.CreateReplay.csproj", "{6BEED33C-F8F8-4884-85A3-FDD48C7C63E8}"
EndProject
Project("{9A19103F-16F7-4668-BE54-9A1E7A4F7556}") = "DevilDaggersInfo.Common", "common\DevilDaggersInfo.Common\DevilDaggersInfo.Common.csproj", "{A45271DA-D8D2-4BAA-83BA-31115C4FD702}"
EndProject
Project("{9A19103F-16F7-4668-BE54-9A1E7A4F7556}") = "DevilDaggersInfo.Common.Tests", "tests\DevilDaggersInfo.Common.Tests\DevilDaggersInfo.Common.Tests.csproj", "{79C2EF91-46DF-4E4D-A083-57C34D15A890}"
EndProject
Project("{9A19103F-16F7-4668-BE54-9A1E7A4F7556}") = "DevilDaggersInfo.CommonSourceGen", "common\DevilDaggersInfo.CommonSourceGen\DevilDaggersInfo.CommonSourceGen.csproj", "{71600AEE-1165-47E4-B45B-8313ED904E58}"
EndProject
Project("{9A19103F-16F7-4668-BE54-9A1E7A4F7556}") = "DevilDaggersInfo.CommonTest", "common\DevilDaggersInfo.CommonTest\DevilDaggersInfo.CommonTest.csproj", "{FFBD67EF-A0A6-41BD-8D4D-4AD440D5630F}"
EndProject
Project("{9A19103F-16F7-4668-BE54-9A1E7A4F7556}") = "DevilDaggersInfo.Core.Asset", "core\DevilDaggersInfo.Core.Asset\DevilDaggersInfo.Core.Asset.csproj", "{E855606F-5DFB-407F-979B-C2F25DC05C5D}"
EndProject
Project("{9A19103F-16F7-4668-BE54-9A1E7A4F7556}") = "DevilDaggersInfo.Core.Asset.SourceGen", "core\DevilDaggersInfo.Core.Asset.SourceGen\DevilDaggersInfo.Core.Asset.SourceGen.csproj", "{2BE3E7C9-DEAF-4D2C-ADFC-40EA3FE3D325}"
EndProject
Project("{9A19103F-16F7-4668-BE54-9A1E7A4F7556}") = "DevilDaggersInfo.Core.Encryption", "core\DevilDaggersInfo.Core.Encryption\DevilDaggersInfo.Core.Encryption.csproj", "{6F010EA4-496C-49C5-B947-82BA4EDA2648}"
EndProject
Project("{9A19103F-16F7-4668-BE54-9A1E7A4F7556}") = "DevilDaggersInfo.Core.Mod", "core\DevilDaggersInfo.Core.Mod\DevilDaggersInfo.Core.Mod.csproj", "{1C25E368-6E37-4144-AAC7-EBA5475BD833}"
EndProject
Project("{9A19103F-16F7-4668-BE54-9A1E7A4F7556}") = "DevilDaggersInfo.Core.Mod.Tests", "tests\DevilDaggersInfo.Core.Mod.Tests\DevilDaggersInfo.Core.Mod.Tests.csproj", "{4E3108DD-0F00-45E6-89E9-4F27BCAEF08E}"
EndProject
Project("{9A19103F-16F7-4668-BE54-9A1E7A4F7556}") = "DevilDaggersInfo.Core.Replay", "core\DevilDaggersInfo.Core.Replay\DevilDaggersInfo.Core.Replay.csproj", "{1FCF3262-FC25-43E1-BDFC-C10CCA94CCAC}"
EndProject
Project("{9A19103F-16F7-4668-BE54-9A1E7A4F7556}") = "DevilDaggersInfo.Core.Replay.Tests", "tests\DevilDaggersInfo.Core.Replay.Tests\DevilDaggersInfo.Core.Replay.Tests.csproj", "{B8E3A732-CFDA-41B2-8680-9EA868516633}"
EndProject
Project("{9A19103F-16F7-4668-BE54-9A1E7A4F7556}") = "DevilDaggersInfo.Core.Spawnset", "core\DevilDaggersInfo.Core.Spawnset\DevilDaggersInfo.Core.Spawnset.csproj", "{F899EBF6-12A0-49B8-A163-511F3E92E991}"
EndProject
Project("{9A19103F-16F7-4668-BE54-9A1E7A4F7556}") = "DevilDaggersInfo.Core.Spawnset.Tests", "tests\DevilDaggersInfo.Core.Spawnset.Tests\DevilDaggersInfo.Core.Spawnset.Tests.csproj", "{77938023-7892-4211-8E07-03522DF7CFD7}"
EndProject
Project("{9A19103F-16F7-4668-BE54-9A1E7A4F7556}") = "DevilDaggersInfo.Core.Versioning", "core\DevilDaggersInfo.Core.Versioning\DevilDaggersInfo.Core.Versioning.csproj", "{5EB45C5D-D67F-4998-B450-740BF0DBCB01}"
EndProject
Project("{9A19103F-16F7-4668-BE54-9A1E7A4F7556}") = "DevilDaggersInfo.Core.Versioning.Tests", "tests\DevilDaggersInfo.Core.Versioning.Tests\DevilDaggersInfo.Core.Versioning.Tests.csproj", "{CF67BC49-E163-46FC-9FE7-5D84C373D8E7}"
EndProject
Project("{9A19103F-16F7-4668-BE54-9A1E7A4F7556}") = "DevilDaggersInfo.Core.Wiki", "core\DevilDaggersInfo.Core.Wiki\DevilDaggersInfo.Core.Wiki.csproj", "{BA3418E3-BC09-4F07-9A84-79379BA02DCC}"
EndProject
Project("{9A19103F-16F7-4668-BE54-9A1E7A4F7556}") = "DevilDaggersInfo.Core.Wiki.SourceGen", "core\DevilDaggersInfo.Core.Wiki.SourceGen\DevilDaggersInfo.Core.Wiki.SourceGen.csproj", "{3B98ACA6-2DD1-430D-948A-2796E4C4A866}"
EndProject
Project("{9A19103F-16F7-4668-BE54-9A1E7A4F7556}") = "DevilDaggersInfo.Core.Wiki.Tests", "tests\DevilDaggersInfo.Core.Wiki.Tests\DevilDaggersInfo.Core.Wiki.Tests.csproj", "{07BBEC96-50D3-49A2-934F-AC8BB7E8BB0D}"
EndProject
Project("{9A19103F-16F7-4668-BE54-9A1E7A4F7556}") = "DevilDaggersInfo.Razor.AppManager", "razor\DevilDaggersInfo.Razor.AppManager\DevilDaggersInfo.Razor.AppManager.csproj", "{1D9D2D41-11B3-4C88-903E-8DA8100FC24A}"
EndProject
Project("{9A19103F-16F7-4668-BE54-9A1E7A4F7556}") = "DevilDaggersInfo.Razor.AssetEditor", "razor\DevilDaggersInfo.Razor.AssetEditor\DevilDaggersInfo.Razor.AssetEditor.csproj", "{620FA9AC-8E7E-42AF-B145-28FBB728EA92}"
EndProject
Project("{9A19103F-16F7-4668-BE54-9A1E7A4F7556}") = "DevilDaggersInfo.Razor.Core.CanvasChart", "razor-core\DevilDaggersInfo.Razor.Core.CanvasChart\DevilDaggersInfo.Razor.Core.CanvasChart.csproj", "{AFE93FD3-7CB5-43AC-816E-987D75F98DDF}"
EndProject
Project("{9A19103F-16F7-4668-BE54-9A1E7A4F7556}") = "DevilDaggersInfo.Razor.Core.Components", "razor-core\DevilDaggersInfo.Razor.Core.Components\DevilDaggersInfo.Razor.Core.Components.csproj", "{F25A70A7-E53B-4859-BF6C-8627FCC928D5}"
EndProject
Project("{9A19103F-16F7-4668-BE54-9A1E7A4F7556}") = "DevilDaggersInfo.Razor.Core.Unmarshalled", "razor-core\DevilDaggersInfo.Razor.Core.Unmarshalled\DevilDaggersInfo.Razor.Core.Unmarshalled.csproj", "{AE5DAE4E-61EE-4BA6-B21B-2828DF7EEBE3}"
EndProject
Project("{9A19103F-16F7-4668-BE54-9A1E7A4F7556}") = "DevilDaggersInfo.Razor.CustomLeaderboard", "razor\DevilDaggersInfo.Razor.CustomLeaderboard\DevilDaggersInfo.Razor.CustomLeaderboard.csproj", "{181B288B-6B66-4F4D-8227-892B2561B2A1}"
EndProject
Project("{9A19103F-16F7-4668-BE54-9A1E7A4F7556}") = "DevilDaggersInfo.Razor.ReplayEditor", "razor\DevilDaggersInfo.Razor.ReplayEditor\DevilDaggersInfo.Razor.ReplayEditor.csproj", "{36ECBB72-2034-4196-AE05-DC92F9BB2856}"
EndProject
Project("{9A19103F-16F7-4668-BE54-9A1E7A4F7556}") = "DevilDaggersInfo.Tool.CleanBuild", "tool\DevilDaggersInfo.Tool.CleanBuild\DevilDaggersInfo.Tool.CleanBuild.csproj", "{A0CC71FC-5AF0-4946-8575-605A02213B08}"
EndProject
Project("{9A19103F-16F7-4668-BE54-9A1E7A4F7556}") = "DevilDaggersInfo.Tool.DistributeHistoryStats", "tool\DevilDaggersInfo.Tool.DistributeHistoryStats\DevilDaggersInfo.Tool.DistributeHistoryStats.csproj", "{B11627A5-9A22-4E5F-8B35-C27869339BA7}"
EndProject
Project("{9A19103F-16F7-4668-BE54-9A1E7A4F7556}") = "DevilDaggersInfo.Tool.FetchLeaderboard", "tool\DevilDaggersInfo.Tool.FetchLeaderboard\DevilDaggersInfo.Tool.FetchLeaderboard.csproj", "{17BA3EE7-7067-4A07-A978-27D05E8D0CCE}"
EndProject
Project("{9A19103F-16F7-4668-BE54-9A1E7A4F7556}") = "DevilDaggersInfo.Tool.GenerateClient", "tool\DevilDaggersInfo.Tool.GenerateClient\DevilDaggersInfo.Tool.GenerateClient.csproj", "{9178E989-F0E7-44EE-BC27-FD07D06DD5DA}"
EndProject
Project("{9A19103F-16F7-4668-BE54-9A1E7A4F7556}") = "DevilDaggersInfo.Web.Client", "web\DevilDaggersInfo.Web.Client\DevilDaggersInfo.Web.Client.csproj", "{0F9B44AE-52A6-4BCD-8AC1-72FE4235E356}"
EndProject
Project("{9A19103F-16F7-4668-BE54-9A1E7A4F7556}") = "DevilDaggersInfo.Web.Core.Claims", "web-core\DevilDaggersInfo.Web.Core.Claims\DevilDaggersInfo.Web.Core.Claims.csproj", "{296837AA-47C6-4679-AE63-39EFA4C98675}"
EndProject
Project("{9A19103F-16F7-4668-BE54-9A1E7A4F7556}") = "DevilDaggersInfo.Web.Server", "web\DevilDaggersInfo.Web.Server\DevilDaggersInfo.Web.Server.csproj", "{595CAB68-C85D-4AAD-B78F-4CC499921E61}"
EndProject
Project("{9A19103F-16F7-4668-BE54-9A1E7A4F7556}") = "DevilDaggersInfo.Web.Server.Domain", "web\DevilDaggersInfo.Web.Server.Domain\DevilDaggersInfo.Web.Server.Domain.csproj", "{FA23F585-CF8F-49ED-8E47-D1B9235774CD}"
EndProject
Project("{9A19103F-16F7-4668-BE54-9A1E7A4F7556}") = "DevilDaggersInfo.Web.Server.Domain.Tests", "tests\DevilDaggersInfo.Web.Server.Domain.Tests\DevilDaggersInfo.Web.Server.Domain.Tests.csproj", "{CB715CD9-FB6A-4E79-B9C0-830833223D91}"
EndProject
Project("{2150E333-8FDC-42A3-9474-1A3956D46DE8}") = "api", "api", "{5C5B0BBB-04F2-467A-B708-C013543C0C31}"
EndProject
Project("{2150E333-8FDC-42A3-9474-1A3956D46DE8}") = "app", "app", "{D980D7F3-20FC-46AB-A443-3238FE1FAEC0}"
EndProject
Project("{2150E333-8FDC-42A3-9474-1A3956D46DE8}") = "app-core", "app-core", "{AC2BC81C-DDCA-4412-82D3-E8D9BC10587D}"
EndProject
Project("{2150E333-8FDC-42A3-9474-1A3956D46DE8}") = "cmd", "cmd", "{C7C1269A-F5FF-4BC3-885B-10FC693C9062}"
EndProject
Project("{2150E333-8FDC-42A3-9474-1A3956D46DE8}") = "common", "common", "{187CBC4C-3F78-477E-AA33-7FA956DDF4A3}"
EndProject
Project("{2150E333-8FDC-42A3-9474-1A3956D46DE8}") = "core", "core", "{1B091174-9983-4BF5-AF9C-034AE3D6D7B4}"
EndProject
Project("{2150E333-8FDC-42A3-9474-1A3956D46DE8}") = "tests", "tests", "{139163CB-F521-45E4-B022-780DF7322293}"
EndProject
Project("{2150E333-8FDC-42A3-9474-1A3956D46DE8}") = "razor", "razor", "{92D3A378-C41A-497C-B488-DA4D12189A62}"
EndProject
Project("{2150E333-8FDC-42A3-9474-1A3956D46DE8}") = "razor-core", "razor-core", "{AC4C3199-601B-45B3-BA96-C90BEA5B0C48}"
EndProject
Project("{2150E333-8FDC-42A3-9474-1A3956D46DE8}") = "tool", "tool", "{3DD4B364-6321-42CA-8CF0-0C82429E5714}"
EndProject
Project("{2150E333-8FDC-42A3-9474-1A3956D46DE8}") = "web", "web", "{2CA07E38-90F7-49D4-B4E5-46E92B7E862B}"
EndProject
Project("{2150E333-8FDC-42A3-9474-1A3956D46DE8}") = "web-core", "web-core", "{E46A7074-2772-4B70-A0A6-F4431CC99F4C}"
EndProject
Project("{2150E333-8FDC-42A3-9474-1A3956D46DE8}") = "architecture", "architecture", "{0232E034-4C66-4B0E-A2F4-847BAABEC89D}"
	ProjectSection(SolutionItems) = preProject
		..\docs\architecture\communication.md = ..\docs\architecture\communication.md
		..\docs\architecture\core-libraries.md = ..\docs\architecture\core-libraries.md
		..\docs\architecture\project-types-and-dependencies.md = ..\docs\architecture\project-types-and-dependencies.md
	EndProjectSection
EndProject
Project("{2150E333-8FDC-42A3-9474-1A3956D46DE8}") = "game-formats", "game-formats", "{9FBE0CA2-67F4-4379-B3F8-52070C0926BA}"
	ProjectSection(SolutionItems) = preProject
		..\docs\game-formats\game-memory.md = ..\docs\game-formats\game-memory.md
		..\docs\game-formats\leaderboard-replay-binary.md = ..\docs\game-formats\leaderboard-replay-binary.md
		..\docs\game-formats\local-replay-binary.md = ..\docs\game-formats\local-replay-binary.md
		..\docs\game-formats\mod-binary.md = ..\docs\game-formats\mod-binary.md
		..\docs\game-formats\replay-events.md = ..\docs\game-formats\replay-events.md
		..\docs\game-formats\spawnset-binary.md = ..\docs\game-formats\spawnset-binary.md
	EndProjectSection
EndProject
Global
	GlobalSection(SolutionConfigurationPlatforms) = preSolution
		Debug|Any CPU = Debug|Any CPU
		Release|Any CPU = Release|Any CPU
	EndGlobalSection
	GlobalSection(ProjectConfigurationPlatforms) = postSolution
		{EC97F9DE-B1B3-412D-A3EE-ED5C050BFE4C}.Debug|Any CPU.ActiveCfg = Debug|Any CPU
		{EC97F9DE-B1B3-412D-A3EE-ED5C050BFE4C}.Debug|Any CPU.Build.0 = Debug|Any CPU
		{EC97F9DE-B1B3-412D-A3EE-ED5C050BFE4C}.Release|Any CPU.ActiveCfg = Release|Any CPU
		{EC97F9DE-B1B3-412D-A3EE-ED5C050BFE4C}.Release|Any CPU.Build.0 = Release|Any CPU
		{632A2501-8B00-4F03-AD6F-6A57DA030E6D}.Debug|Any CPU.ActiveCfg = Debug|Any CPU
		{632A2501-8B00-4F03-AD6F-6A57DA030E6D}.Debug|Any CPU.Build.0 = Debug|Any CPU
		{632A2501-8B00-4F03-AD6F-6A57DA030E6D}.Release|Any CPU.ActiveCfg = Release|Any CPU
		{632A2501-8B00-4F03-AD6F-6A57DA030E6D}.Release|Any CPU.Build.0 = Release|Any CPU
		{486AB9D9-E175-4258-8D4D-11D70C7AA6BC}.Debug|Any CPU.ActiveCfg = Debug|Any CPU
		{486AB9D9-E175-4258-8D4D-11D70C7AA6BC}.Debug|Any CPU.Build.0 = Debug|Any CPU
		{486AB9D9-E175-4258-8D4D-11D70C7AA6BC}.Release|Any CPU.ActiveCfg = Release|Any CPU
		{486AB9D9-E175-4258-8D4D-11D70C7AA6BC}.Release|Any CPU.Build.0 = Release|Any CPU
		{9E7E1D92-405C-4510-A01F-F0B10B1806AC}.Debug|Any CPU.ActiveCfg = Debug|Any CPU
		{9E7E1D92-405C-4510-A01F-F0B10B1806AC}.Debug|Any CPU.Build.0 = Debug|Any CPU
		{9E7E1D92-405C-4510-A01F-F0B10B1806AC}.Release|Any CPU.ActiveCfg = Release|Any CPU
		{9E7E1D92-405C-4510-A01F-F0B10B1806AC}.Release|Any CPU.Build.0 = Release|Any CPU
		{83DCD38C-479F-43F4-9B19-DAFF34981B49}.Debug|Any CPU.ActiveCfg = Debug|Any CPU
		{83DCD38C-479F-43F4-9B19-DAFF34981B49}.Debug|Any CPU.Build.0 = Debug|Any CPU
		{83DCD38C-479F-43F4-9B19-DAFF34981B49}.Release|Any CPU.ActiveCfg = Release|Any CPU
		{83DCD38C-479F-43F4-9B19-DAFF34981B49}.Release|Any CPU.Build.0 = Release|Any CPU
		{1EA9BCF0-BEFA-412C-B038-07F4E00C4D59}.Debug|Any CPU.ActiveCfg = Debug|Any CPU
		{1EA9BCF0-BEFA-412C-B038-07F4E00C4D59}.Debug|Any CPU.Build.0 = Debug|Any CPU
		{1EA9BCF0-BEFA-412C-B038-07F4E00C4D59}.Release|Any CPU.ActiveCfg = Release|Any CPU
		{1EA9BCF0-BEFA-412C-B038-07F4E00C4D59}.Release|Any CPU.Build.0 = Release|Any CPU
		{A6D89268-4CF2-493B-BDAF-C70711911550}.Debug|Any CPU.ActiveCfg = Debug|Any CPU
		{A6D89268-4CF2-493B-BDAF-C70711911550}.Debug|Any CPU.Build.0 = Debug|Any CPU
		{A6D89268-4CF2-493B-BDAF-C70711911550}.Release|Any CPU.ActiveCfg = Release|Any CPU
		{A6D89268-4CF2-493B-BDAF-C70711911550}.Release|Any CPU.Build.0 = Release|Any CPU
		{836A4BA6-5CC7-4C90-BB0A-DA4A4559017D}.Debug|Any CPU.ActiveCfg = Debug|Any CPU
		{836A4BA6-5CC7-4C90-BB0A-DA4A4559017D}.Debug|Any CPU.Build.0 = Debug|Any CPU
		{836A4BA6-5CC7-4C90-BB0A-DA4A4559017D}.Release|Any CPU.ActiveCfg = Release|Any CPU
		{836A4BA6-5CC7-4C90-BB0A-DA4A4559017D}.Release|Any CPU.Build.0 = Release|Any CPU
		{9079FA7B-78BD-4CCE-9B4E-AA541C87C2C7}.Debug|Any CPU.ActiveCfg = Debug|Any CPU
		{9079FA7B-78BD-4CCE-9B4E-AA541C87C2C7}.Debug|Any CPU.Build.0 = Debug|Any CPU
		{9079FA7B-78BD-4CCE-9B4E-AA541C87C2C7}.Release|Any CPU.ActiveCfg = Release|Any CPU
		{9079FA7B-78BD-4CCE-9B4E-AA541C87C2C7}.Release|Any CPU.Build.0 = Release|Any CPU
		{9B6A9C2A-69BF-4936-A4CA-0F54C298317C}.Debug|Any CPU.ActiveCfg = Debug|Any CPU
		{9B6A9C2A-69BF-4936-A4CA-0F54C298317C}.Debug|Any CPU.Build.0 = Debug|Any CPU
		{9B6A9C2A-69BF-4936-A4CA-0F54C298317C}.Release|Any CPU.ActiveCfg = Release|Any CPU
		{9B6A9C2A-69BF-4936-A4CA-0F54C298317C}.Release|Any CPU.Build.0 = Release|Any CPU
		{BCA56B07-176C-46FC-9309-957CB241069D}.Debug|Any CPU.ActiveCfg = Debug|Any CPU
		{BCA56B07-176C-46FC-9309-957CB241069D}.Debug|Any CPU.Build.0 = Debug|Any CPU
		{BCA56B07-176C-46FC-9309-957CB241069D}.Release|Any CPU.ActiveCfg = Release|Any CPU
		{BCA56B07-176C-46FC-9309-957CB241069D}.Release|Any CPU.Build.0 = Release|Any CPU
		{FDD9817A-0B83-428D-AE15-A3E886B3E83B}.Debug|Any CPU.ActiveCfg = Debug|Any CPU
		{FDD9817A-0B83-428D-AE15-A3E886B3E83B}.Debug|Any CPU.Build.0 = Debug|Any CPU
		{FDD9817A-0B83-428D-AE15-A3E886B3E83B}.Release|Any CPU.ActiveCfg = Release|Any CPU
		{FDD9817A-0B83-428D-AE15-A3E886B3E83B}.Release|Any CPU.Build.0 = Release|Any CPU
		{EFD1861B-76F2-4E80-B1A4-21127297B2AA}.Debug|Any CPU.ActiveCfg = Debug|Any CPU
		{EFD1861B-76F2-4E80-B1A4-21127297B2AA}.Debug|Any CPU.Build.0 = Debug|Any CPU
		{EFD1861B-76F2-4E80-B1A4-21127297B2AA}.Release|Any CPU.ActiveCfg = Release|Any CPU
		{EFD1861B-76F2-4E80-B1A4-21127297B2AA}.Release|Any CPU.Build.0 = Release|Any CPU
		{F8DCF34B-4EF0-43AB-B578-D18B1417BD93}.Debug|Any CPU.ActiveCfg = Debug|Any CPU
		{F8DCF34B-4EF0-43AB-B578-D18B1417BD93}.Debug|Any CPU.Build.0 = Debug|Any CPU
		{F8DCF34B-4EF0-43AB-B578-D18B1417BD93}.Release|Any CPU.ActiveCfg = Release|Any CPU
		{F8DCF34B-4EF0-43AB-B578-D18B1417BD93}.Release|Any CPU.Build.0 = Release|Any CPU
		{6D7EE612-55E1-4609-ADA1-B612193232AD}.Debug|Any CPU.ActiveCfg = Debug|Any CPU
		{6D7EE612-55E1-4609-ADA1-B612193232AD}.Debug|Any CPU.Build.0 = Debug|Any CPU
		{6D7EE612-55E1-4609-ADA1-B612193232AD}.Release|Any CPU.ActiveCfg = Release|Any CPU
		{6D7EE612-55E1-4609-ADA1-B612193232AD}.Release|Any CPU.Build.0 = Release|Any CPU
		{959D393E-D56C-4C30-8E69-F3657781F010}.Debug|Any CPU.ActiveCfg = Debug|Any CPU
		{959D393E-D56C-4C30-8E69-F3657781F010}.Debug|Any CPU.Build.0 = Debug|Any CPU
		{959D393E-D56C-4C30-8E69-F3657781F010}.Release|Any CPU.ActiveCfg = Release|Any CPU
		{959D393E-D56C-4C30-8E69-F3657781F010}.Release|Any CPU.Build.0 = Release|Any CPU
		{CA612879-D0A8-41AD-9265-78BADEF2BA84}.Debug|Any CPU.ActiveCfg = Debug|Any CPU
		{CA612879-D0A8-41AD-9265-78BADEF2BA84}.Debug|Any CPU.Build.0 = Debug|Any CPU
		{CA612879-D0A8-41AD-9265-78BADEF2BA84}.Release|Any CPU.ActiveCfg = Release|Any CPU
		{CA612879-D0A8-41AD-9265-78BADEF2BA84}.Release|Any CPU.Build.0 = Release|Any CPU
		{8A747382-EEA6-433F-B61A-85ABD0706E54}.Debug|Any CPU.ActiveCfg = Debug|Any CPU
		{8A747382-EEA6-433F-B61A-85ABD0706E54}.Debug|Any CPU.Build.0 = Debug|Any CPU
		{8A747382-EEA6-433F-B61A-85ABD0706E54}.Release|Any CPU.ActiveCfg = Release|Any CPU
		{8A747382-EEA6-433F-B61A-85ABD0706E54}.Release|Any CPU.Build.0 = Release|Any CPU
		{6BEED33C-F8F8-4884-85A3-FDD48C7C63E8}.Debug|Any CPU.ActiveCfg = Debug|Any CPU
		{6BEED33C-F8F8-4884-85A3-FDD48C7C63E8}.Debug|Any CPU.Build.0 = Debug|Any CPU
		{6BEED33C-F8F8-4884-85A3-FDD48C7C63E8}.Release|Any CPU.ActiveCfg = Release|Any CPU
		{6BEED33C-F8F8-4884-85A3-FDD48C7C63E8}.Release|Any CPU.Build.0 = Release|Any CPU
		{A45271DA-D8D2-4BAA-83BA-31115C4FD702}.Debug|Any CPU.ActiveCfg = Debug|Any CPU
		{A45271DA-D8D2-4BAA-83BA-31115C4FD702}.Debug|Any CPU.Build.0 = Debug|Any CPU
		{A45271DA-D8D2-4BAA-83BA-31115C4FD702}.Release|Any CPU.ActiveCfg = Release|Any CPU
		{A45271DA-D8D2-4BAA-83BA-31115C4FD702}.Release|Any CPU.Build.0 = Release|Any CPU
		{79C2EF91-46DF-4E4D-A083-57C34D15A890}.Debug|Any CPU.ActiveCfg = Debug|Any CPU
		{79C2EF91-46DF-4E4D-A083-57C34D15A890}.Debug|Any CPU.Build.0 = Debug|Any CPU
		{79C2EF91-46DF-4E4D-A083-57C34D15A890}.Release|Any CPU.ActiveCfg = Release|Any CPU
		{79C2EF91-46DF-4E4D-A083-57C34D15A890}.Release|Any CPU.Build.0 = Release|Any CPU
		{71600AEE-1165-47E4-B45B-8313ED904E58}.Debug|Any CPU.ActiveCfg = Debug|Any CPU
		{71600AEE-1165-47E4-B45B-8313ED904E58}.Debug|Any CPU.Build.0 = Debug|Any CPU
		{71600AEE-1165-47E4-B45B-8313ED904E58}.Release|Any CPU.ActiveCfg = Release|Any CPU
		{71600AEE-1165-47E4-B45B-8313ED904E58}.Release|Any CPU.Build.0 = Release|Any CPU
		{FFBD67EF-A0A6-41BD-8D4D-4AD440D5630F}.Debug|Any CPU.ActiveCfg = Debug|Any CPU
		{FFBD67EF-A0A6-41BD-8D4D-4AD440D5630F}.Debug|Any CPU.Build.0 = Debug|Any CPU
		{FFBD67EF-A0A6-41BD-8D4D-4AD440D5630F}.Release|Any CPU.ActiveCfg = Release|Any CPU
		{FFBD67EF-A0A6-41BD-8D4D-4AD440D5630F}.Release|Any CPU.Build.0 = Release|Any CPU
		{E855606F-5DFB-407F-979B-C2F25DC05C5D}.Debug|Any CPU.ActiveCfg = Debug|Any CPU
		{E855606F-5DFB-407F-979B-C2F25DC05C5D}.Debug|Any CPU.Build.0 = Debug|Any CPU
		{E855606F-5DFB-407F-979B-C2F25DC05C5D}.Release|Any CPU.ActiveCfg = Release|Any CPU
		{E855606F-5DFB-407F-979B-C2F25DC05C5D}.Release|Any CPU.Build.0 = Release|Any CPU
		{2BE3E7C9-DEAF-4D2C-ADFC-40EA3FE3D325}.Debug|Any CPU.ActiveCfg = Debug|Any CPU
		{2BE3E7C9-DEAF-4D2C-ADFC-40EA3FE3D325}.Debug|Any CPU.Build.0 = Debug|Any CPU
		{2BE3E7C9-DEAF-4D2C-ADFC-40EA3FE3D325}.Release|Any CPU.ActiveCfg = Release|Any CPU
		{2BE3E7C9-DEAF-4D2C-ADFC-40EA3FE3D325}.Release|Any CPU.Build.0 = Release|Any CPU
		{6F010EA4-496C-49C5-B947-82BA4EDA2648}.Debug|Any CPU.ActiveCfg = Debug|Any CPU
		{6F010EA4-496C-49C5-B947-82BA4EDA2648}.Debug|Any CPU.Build.0 = Debug|Any CPU
		{6F010EA4-496C-49C5-B947-82BA4EDA2648}.Release|Any CPU.ActiveCfg = Release|Any CPU
		{6F010EA4-496C-49C5-B947-82BA4EDA2648}.Release|Any CPU.Build.0 = Release|Any CPU
		{1C25E368-6E37-4144-AAC7-EBA5475BD833}.Debug|Any CPU.ActiveCfg = Debug|Any CPU
		{1C25E368-6E37-4144-AAC7-EBA5475BD833}.Debug|Any CPU.Build.0 = Debug|Any CPU
		{1C25E368-6E37-4144-AAC7-EBA5475BD833}.Release|Any CPU.ActiveCfg = Release|Any CPU
		{1C25E368-6E37-4144-AAC7-EBA5475BD833}.Release|Any CPU.Build.0 = Release|Any CPU
		{4E3108DD-0F00-45E6-89E9-4F27BCAEF08E}.Debug|Any CPU.ActiveCfg = Debug|Any CPU
		{4E3108DD-0F00-45E6-89E9-4F27BCAEF08E}.Debug|Any CPU.Build.0 = Debug|Any CPU
		{4E3108DD-0F00-45E6-89E9-4F27BCAEF08E}.Release|Any CPU.ActiveCfg = Release|Any CPU
		{4E3108DD-0F00-45E6-89E9-4F27BCAEF08E}.Release|Any CPU.Build.0 = Release|Any CPU
		{1FCF3262-FC25-43E1-BDFC-C10CCA94CCAC}.Debug|Any CPU.ActiveCfg = Debug|Any CPU
		{1FCF3262-FC25-43E1-BDFC-C10CCA94CCAC}.Debug|Any CPU.Build.0 = Debug|Any CPU
		{1FCF3262-FC25-43E1-BDFC-C10CCA94CCAC}.Release|Any CPU.ActiveCfg = Release|Any CPU
		{1FCF3262-FC25-43E1-BDFC-C10CCA94CCAC}.Release|Any CPU.Build.0 = Release|Any CPU
		{B8E3A732-CFDA-41B2-8680-9EA868516633}.Debug|Any CPU.ActiveCfg = Debug|Any CPU
		{B8E3A732-CFDA-41B2-8680-9EA868516633}.Debug|Any CPU.Build.0 = Debug|Any CPU
		{B8E3A732-CFDA-41B2-8680-9EA868516633}.Release|Any CPU.ActiveCfg = Release|Any CPU
		{B8E3A732-CFDA-41B2-8680-9EA868516633}.Release|Any CPU.Build.0 = Release|Any CPU
		{F899EBF6-12A0-49B8-A163-511F3E92E991}.Debug|Any CPU.ActiveCfg = Debug|Any CPU
		{F899EBF6-12A0-49B8-A163-511F3E92E991}.Debug|Any CPU.Build.0 = Debug|Any CPU
		{F899EBF6-12A0-49B8-A163-511F3E92E991}.Release|Any CPU.ActiveCfg = Release|Any CPU
		{F899EBF6-12A0-49B8-A163-511F3E92E991}.Release|Any CPU.Build.0 = Release|Any CPU
		{77938023-7892-4211-8E07-03522DF7CFD7}.Debug|Any CPU.ActiveCfg = Debug|Any CPU
		{77938023-7892-4211-8E07-03522DF7CFD7}.Debug|Any CPU.Build.0 = Debug|Any CPU
		{77938023-7892-4211-8E07-03522DF7CFD7}.Release|Any CPU.ActiveCfg = Release|Any CPU
		{77938023-7892-4211-8E07-03522DF7CFD7}.Release|Any CPU.Build.0 = Release|Any CPU
		{5EB45C5D-D67F-4998-B450-740BF0DBCB01}.Debug|Any CPU.ActiveCfg = Debug|Any CPU
		{5EB45C5D-D67F-4998-B450-740BF0DBCB01}.Debug|Any CPU.Build.0 = Debug|Any CPU
		{5EB45C5D-D67F-4998-B450-740BF0DBCB01}.Release|Any CPU.ActiveCfg = Release|Any CPU
		{5EB45C5D-D67F-4998-B450-740BF0DBCB01}.Release|Any CPU.Build.0 = Release|Any CPU
		{CF67BC49-E163-46FC-9FE7-5D84C373D8E7}.Debug|Any CPU.ActiveCfg = Debug|Any CPU
		{CF67BC49-E163-46FC-9FE7-5D84C373D8E7}.Debug|Any CPU.Build.0 = Debug|Any CPU
		{CF67BC49-E163-46FC-9FE7-5D84C373D8E7}.Release|Any CPU.ActiveCfg = Release|Any CPU
		{CF67BC49-E163-46FC-9FE7-5D84C373D8E7}.Release|Any CPU.Build.0 = Release|Any CPU
		{BA3418E3-BC09-4F07-9A84-79379BA02DCC}.Debug|Any CPU.ActiveCfg = Debug|Any CPU
		{BA3418E3-BC09-4F07-9A84-79379BA02DCC}.Debug|Any CPU.Build.0 = Debug|Any CPU
		{BA3418E3-BC09-4F07-9A84-79379BA02DCC}.Release|Any CPU.ActiveCfg = Release|Any CPU
		{BA3418E3-BC09-4F07-9A84-79379BA02DCC}.Release|Any CPU.Build.0 = Release|Any CPU
		{3B98ACA6-2DD1-430D-948A-2796E4C4A866}.Debug|Any CPU.ActiveCfg = Debug|Any CPU
		{3B98ACA6-2DD1-430D-948A-2796E4C4A866}.Debug|Any CPU.Build.0 = Debug|Any CPU
		{3B98ACA6-2DD1-430D-948A-2796E4C4A866}.Release|Any CPU.ActiveCfg = Release|Any CPU
		{3B98ACA6-2DD1-430D-948A-2796E4C4A866}.Release|Any CPU.Build.0 = Release|Any CPU
		{07BBEC96-50D3-49A2-934F-AC8BB7E8BB0D}.Debug|Any CPU.ActiveCfg = Debug|Any CPU
		{07BBEC96-50D3-49A2-934F-AC8BB7E8BB0D}.Debug|Any CPU.Build.0 = Debug|Any CPU
		{07BBEC96-50D3-49A2-934F-AC8BB7E8BB0D}.Release|Any CPU.ActiveCfg = Release|Any CPU
		{07BBEC96-50D3-49A2-934F-AC8BB7E8BB0D}.Release|Any CPU.Build.0 = Release|Any CPU
		{1D9D2D41-11B3-4C88-903E-8DA8100FC24A}.Debug|Any CPU.ActiveCfg = Debug|Any CPU
		{1D9D2D41-11B3-4C88-903E-8DA8100FC24A}.Debug|Any CPU.Build.0 = Debug|Any CPU
		{1D9D2D41-11B3-4C88-903E-8DA8100FC24A}.Release|Any CPU.ActiveCfg = Release|Any CPU
		{1D9D2D41-11B3-4C88-903E-8DA8100FC24A}.Release|Any CPU.Build.0 = Release|Any CPU
		{620FA9AC-8E7E-42AF-B145-28FBB728EA92}.Debug|Any CPU.ActiveCfg = Debug|Any CPU
		{620FA9AC-8E7E-42AF-B145-28FBB728EA92}.Debug|Any CPU.Build.0 = Debug|Any CPU
		{620FA9AC-8E7E-42AF-B145-28FBB728EA92}.Release|Any CPU.ActiveCfg = Release|Any CPU
		{620FA9AC-8E7E-42AF-B145-28FBB728EA92}.Release|Any CPU.Build.0 = Release|Any CPU
		{AFE93FD3-7CB5-43AC-816E-987D75F98DDF}.Debug|Any CPU.ActiveCfg = Debug|Any CPU
		{AFE93FD3-7CB5-43AC-816E-987D75F98DDF}.Debug|Any CPU.Build.0 = Debug|Any CPU
		{AFE93FD3-7CB5-43AC-816E-987D75F98DDF}.Release|Any CPU.ActiveCfg = Release|Any CPU
		{AFE93FD3-7CB5-43AC-816E-987D75F98DDF}.Release|Any CPU.Build.0 = Release|Any CPU
		{F25A70A7-E53B-4859-BF6C-8627FCC928D5}.Debug|Any CPU.ActiveCfg = Debug|Any CPU
		{F25A70A7-E53B-4859-BF6C-8627FCC928D5}.Debug|Any CPU.Build.0 = Debug|Any CPU
		{F25A70A7-E53B-4859-BF6C-8627FCC928D5}.Release|Any CPU.ActiveCfg = Release|Any CPU
		{F25A70A7-E53B-4859-BF6C-8627FCC928D5}.Release|Any CPU.Build.0 = Release|Any CPU
		{AE5DAE4E-61EE-4BA6-B21B-2828DF7EEBE3}.Debug|Any CPU.ActiveCfg = Debug|Any CPU
		{AE5DAE4E-61EE-4BA6-B21B-2828DF7EEBE3}.Debug|Any CPU.Build.0 = Debug|Any CPU
		{AE5DAE4E-61EE-4BA6-B21B-2828DF7EEBE3}.Release|Any CPU.ActiveCfg = Release|Any CPU
		{AE5DAE4E-61EE-4BA6-B21B-2828DF7EEBE3}.Release|Any CPU.Build.0 = Release|Any CPU
		{181B288B-6B66-4F4D-8227-892B2561B2A1}.Debug|Any CPU.ActiveCfg = Debug|Any CPU
		{181B288B-6B66-4F4D-8227-892B2561B2A1}.Debug|Any CPU.Build.0 = Debug|Any CPU
		{181B288B-6B66-4F4D-8227-892B2561B2A1}.Release|Any CPU.ActiveCfg = Release|Any CPU
		{181B288B-6B66-4F4D-8227-892B2561B2A1}.Release|Any CPU.Build.0 = Release|Any CPU
		{36ECBB72-2034-4196-AE05-DC92F9BB2856}.Debug|Any CPU.ActiveCfg = Debug|Any CPU
		{36ECBB72-2034-4196-AE05-DC92F9BB2856}.Debug|Any CPU.Build.0 = Debug|Any CPU
		{36ECBB72-2034-4196-AE05-DC92F9BB2856}.Release|Any CPU.ActiveCfg = Release|Any CPU
		{36ECBB72-2034-4196-AE05-DC92F9BB2856}.Release|Any CPU.Build.0 = Release|Any CPU
		{A0CC71FC-5AF0-4946-8575-605A02213B08}.Debug|Any CPU.ActiveCfg = Debug|Any CPU
		{A0CC71FC-5AF0-4946-8575-605A02213B08}.Debug|Any CPU.Build.0 = Debug|Any CPU
		{A0CC71FC-5AF0-4946-8575-605A02213B08}.Release|Any CPU.ActiveCfg = Release|Any CPU
		{A0CC71FC-5AF0-4946-8575-605A02213B08}.Release|Any CPU.Build.0 = Release|Any CPU
		{B11627A5-9A22-4E5F-8B35-C27869339BA7}.Debug|Any CPU.ActiveCfg = Debug|Any CPU
		{B11627A5-9A22-4E5F-8B35-C27869339BA7}.Debug|Any CPU.Build.0 = Debug|Any CPU
		{B11627A5-9A22-4E5F-8B35-C27869339BA7}.Release|Any CPU.ActiveCfg = Release|Any CPU
		{B11627A5-9A22-4E5F-8B35-C27869339BA7}.Release|Any CPU.Build.0 = Release|Any CPU
		{17BA3EE7-7067-4A07-A978-27D05E8D0CCE}.Debug|Any CPU.ActiveCfg = Debug|Any CPU
		{17BA3EE7-7067-4A07-A978-27D05E8D0CCE}.Debug|Any CPU.Build.0 = Debug|Any CPU
		{17BA3EE7-7067-4A07-A978-27D05E8D0CCE}.Release|Any CPU.ActiveCfg = Release|Any CPU
		{17BA3EE7-7067-4A07-A978-27D05E8D0CCE}.Release|Any CPU.Build.0 = Release|Any CPU
		{9178E989-F0E7-44EE-BC27-FD07D06DD5DA}.Debug|Any CPU.ActiveCfg = Debug|Any CPU
		{9178E989-F0E7-44EE-BC27-FD07D06DD5DA}.Debug|Any CPU.Build.0 = Debug|Any CPU
		{9178E989-F0E7-44EE-BC27-FD07D06DD5DA}.Release|Any CPU.ActiveCfg = Release|Any CPU
		{9178E989-F0E7-44EE-BC27-FD07D06DD5DA}.Release|Any CPU.Build.0 = Release|Any CPU
		{0F9B44AE-52A6-4BCD-8AC1-72FE4235E356}.Debug|Any CPU.ActiveCfg = Debug|Any CPU
		{0F9B44AE-52A6-4BCD-8AC1-72FE4235E356}.Debug|Any CPU.Build.0 = Debug|Any CPU
		{0F9B44AE-52A6-4BCD-8AC1-72FE4235E356}.Release|Any CPU.ActiveCfg = Release|Any CPU
		{0F9B44AE-52A6-4BCD-8AC1-72FE4235E356}.Release|Any CPU.Build.0 = Release|Any CPU
		{296837AA-47C6-4679-AE63-39EFA4C98675}.Debug|Any CPU.ActiveCfg = Debug|Any CPU
		{296837AA-47C6-4679-AE63-39EFA4C98675}.Debug|Any CPU.Build.0 = Debug|Any CPU
		{296837AA-47C6-4679-AE63-39EFA4C98675}.Release|Any CPU.ActiveCfg = Release|Any CPU
		{296837AA-47C6-4679-AE63-39EFA4C98675}.Release|Any CPU.Build.0 = Release|Any CPU
		{595CAB68-C85D-4AAD-B78F-4CC499921E61}.Debug|Any CPU.ActiveCfg = Debug|Any CPU
		{595CAB68-C85D-4AAD-B78F-4CC499921E61}.Debug|Any CPU.Build.0 = Debug|Any CPU
		{595CAB68-C85D-4AAD-B78F-4CC499921E61}.Release|Any CPU.ActiveCfg = Release|Any CPU
		{595CAB68-C85D-4AAD-B78F-4CC499921E61}.Release|Any CPU.Build.0 = Release|Any CPU
		{FA23F585-CF8F-49ED-8E47-D1B9235774CD}.Debug|Any CPU.ActiveCfg = Debug|Any CPU
		{FA23F585-CF8F-49ED-8E47-D1B9235774CD}.Debug|Any CPU.Build.0 = Debug|Any CPU
		{FA23F585-CF8F-49ED-8E47-D1B9235774CD}.Release|Any CPU.ActiveCfg = Release|Any CPU
		{FA23F585-CF8F-49ED-8E47-D1B9235774CD}.Release|Any CPU.Build.0 = Release|Any CPU
		{CB715CD9-FB6A-4E79-B9C0-830833223D91}.Debug|Any CPU.ActiveCfg = Debug|Any CPU
		{CB715CD9-FB6A-4E79-B9C0-830833223D91}.Debug|Any CPU.Build.0 = Debug|Any CPU
		{CB715CD9-FB6A-4E79-B9C0-830833223D91}.Release|Any CPU.ActiveCfg = Release|Any CPU
		{CB715CD9-FB6A-4E79-B9C0-830833223D91}.Release|Any CPU.Build.0 = Release|Any CPU
		{E4395147-A743-4C30-A605-B43545E3E2F8}.Debug|Any CPU.ActiveCfg = Debug|Any CPU
		{E4395147-A743-4C30-A605-B43545E3E2F8}.Debug|Any CPU.Build.0 = Debug|Any CPU
		{E4395147-A743-4C30-A605-B43545E3E2F8}.Release|Any CPU.ActiveCfg = Release|Any CPU
		{E4395147-A743-4C30-A605-B43545E3E2F8}.Release|Any CPU.Build.0 = Release|Any CPU
	EndGlobalSection
	GlobalSection(SolutionProperties) = preSolution
		HideSolutionNode = FALSE
	EndGlobalSection
	GlobalSection(NestedProjects) = preSolution
		{EC97F9DE-B1B3-412D-A3EE-ED5C050BFE4C} = {5C5B0BBB-04F2-467A-B708-C013543C0C31}
		{632A2501-8B00-4F03-AD6F-6A57DA030E6D} = {5C5B0BBB-04F2-467A-B708-C013543C0C31}
		{486AB9D9-E175-4258-8D4D-11D70C7AA6BC} = {5C5B0BBB-04F2-467A-B708-C013543C0C31}
		{9E7E1D92-405C-4510-A01F-F0B10B1806AC} = {5C5B0BBB-04F2-467A-B708-C013543C0C31}
		{83DCD38C-479F-43F4-9B19-DAFF34981B49} = {5C5B0BBB-04F2-467A-B708-C013543C0C31}
		{1EA9BCF0-BEFA-412C-B038-07F4E00C4D59} = {5C5B0BBB-04F2-467A-B708-C013543C0C31}
		{A6D89268-4CF2-493B-BDAF-C70711911550} = {5C5B0BBB-04F2-467A-B708-C013543C0C31}
		{836A4BA6-5CC7-4C90-BB0A-DA4A4559017D} = {5C5B0BBB-04F2-467A-B708-C013543C0C31}
		{9079FA7B-78BD-4CCE-9B4E-AA541C87C2C7} = {5C5B0BBB-04F2-467A-B708-C013543C0C31}
		{9B6A9C2A-69BF-4936-A4CA-0F54C298317C} = {5C5B0BBB-04F2-467A-B708-C013543C0C31}
		{BCA56B07-176C-46FC-9309-957CB241069D} = {D980D7F3-20FC-46AB-A443-3238FE1FAEC0}
		{FDD9817A-0B83-428D-AE15-A3E886B3E83B} = {D980D7F3-20FC-46AB-A443-3238FE1FAEC0}
		{EFD1861B-76F2-4E80-B1A4-21127297B2AA} = {AC2BC81C-DDCA-4412-82D3-E8D9BC10587D}
		{F8DCF34B-4EF0-43AB-B578-D18B1417BD93} = {AC2BC81C-DDCA-4412-82D3-E8D9BC10587D}
		{6D7EE612-55E1-4609-ADA1-B612193232AD} = {AC2BC81C-DDCA-4412-82D3-E8D9BC10587D}
		{959D393E-D56C-4C30-8E69-F3657781F010} = {D980D7F3-20FC-46AB-A443-3238FE1FAEC0}
		{CA612879-D0A8-41AD-9265-78BADEF2BA84} = {D980D7F3-20FC-46AB-A443-3238FE1FAEC0}
		{8A747382-EEA6-433F-B61A-85ABD0706E54} = {C7C1269A-F5FF-4BC3-885B-10FC693C9062}
		{6BEED33C-F8F8-4884-85A3-FDD48C7C63E8} = {C7C1269A-F5FF-4BC3-885B-10FC693C9062}
		{A45271DA-D8D2-4BAA-83BA-31115C4FD702} = {187CBC4C-3F78-477E-AA33-7FA956DDF4A3}
		{79C2EF91-46DF-4E4D-A083-57C34D15A890} = {139163CB-F521-45E4-B022-780DF7322293}
		{71600AEE-1165-47E4-B45B-8313ED904E58} = {187CBC4C-3F78-477E-AA33-7FA956DDF4A3}
		{FFBD67EF-A0A6-41BD-8D4D-4AD440D5630F} = {187CBC4C-3F78-477E-AA33-7FA956DDF4A3}
		{E855606F-5DFB-407F-979B-C2F25DC05C5D} = {1B091174-9983-4BF5-AF9C-034AE3D6D7B4}
		{2BE3E7C9-DEAF-4D2C-ADFC-40EA3FE3D325} = {1B091174-9983-4BF5-AF9C-034AE3D6D7B4}
		{6F010EA4-496C-49C5-B947-82BA4EDA2648} = {1B091174-9983-4BF5-AF9C-034AE3D6D7B4}
		{1C25E368-6E37-4144-AAC7-EBA5475BD833} = {1B091174-9983-4BF5-AF9C-034AE3D6D7B4}
		{4E3108DD-0F00-45E6-89E9-4F27BCAEF08E} = {139163CB-F521-45E4-B022-780DF7322293}
		{1FCF3262-FC25-43E1-BDFC-C10CCA94CCAC} = {1B091174-9983-4BF5-AF9C-034AE3D6D7B4}
		{B8E3A732-CFDA-41B2-8680-9EA868516633} = {139163CB-F521-45E4-B022-780DF7322293}
		{F899EBF6-12A0-49B8-A163-511F3E92E991} = {1B091174-9983-4BF5-AF9C-034AE3D6D7B4}
		{77938023-7892-4211-8E07-03522DF7CFD7} = {139163CB-F521-45E4-B022-780DF7322293}
		{5EB45C5D-D67F-4998-B450-740BF0DBCB01} = {1B091174-9983-4BF5-AF9C-034AE3D6D7B4}
		{CF67BC49-E163-46FC-9FE7-5D84C373D8E7} = {139163CB-F521-45E4-B022-780DF7322293}
		{BA3418E3-BC09-4F07-9A84-79379BA02DCC} = {1B091174-9983-4BF5-AF9C-034AE3D6D7B4}
		{3B98ACA6-2DD1-430D-948A-2796E4C4A866} = {1B091174-9983-4BF5-AF9C-034AE3D6D7B4}
		{07BBEC96-50D3-49A2-934F-AC8BB7E8BB0D} = {139163CB-F521-45E4-B022-780DF7322293}
		{1D9D2D41-11B3-4C88-903E-8DA8100FC24A} = {92D3A378-C41A-497C-B488-DA4D12189A62}
		{620FA9AC-8E7E-42AF-B145-28FBB728EA92} = {92D3A378-C41A-497C-B488-DA4D12189A62}
		{AFE93FD3-7CB5-43AC-816E-987D75F98DDF} = {AC4C3199-601B-45B3-BA96-C90BEA5B0C48}
		{F25A70A7-E53B-4859-BF6C-8627FCC928D5} = {AC4C3199-601B-45B3-BA96-C90BEA5B0C48}
		{AE5DAE4E-61EE-4BA6-B21B-2828DF7EEBE3} = {AC4C3199-601B-45B3-BA96-C90BEA5B0C48}
		{181B288B-6B66-4F4D-8227-892B2561B2A1} = {92D3A378-C41A-497C-B488-DA4D12189A62}
		{36ECBB72-2034-4196-AE05-DC92F9BB2856} = {92D3A378-C41A-497C-B488-DA4D12189A62}
		{A0CC71FC-5AF0-4946-8575-605A02213B08} = {3DD4B364-6321-42CA-8CF0-0C82429E5714}
		{B11627A5-9A22-4E5F-8B35-C27869339BA7} = {3DD4B364-6321-42CA-8CF0-0C82429E5714}
		{17BA3EE7-7067-4A07-A978-27D05E8D0CCE} = {3DD4B364-6321-42CA-8CF0-0C82429E5714}
		{9178E989-F0E7-44EE-BC27-FD07D06DD5DA} = {3DD4B364-6321-42CA-8CF0-0C82429E5714}
		{0F9B44AE-52A6-4BCD-8AC1-72FE4235E356} = {2CA07E38-90F7-49D4-B4E5-46E92B7E862B}
		{296837AA-47C6-4679-AE63-39EFA4C98675} = {E46A7074-2772-4B70-A0A6-F4431CC99F4C}
		{595CAB68-C85D-4AAD-B78F-4CC499921E61} = {2CA07E38-90F7-49D4-B4E5-46E92B7E862B}
		{FA23F585-CF8F-49ED-8E47-D1B9235774CD} = {2CA07E38-90F7-49D4-B4E5-46E92B7E862B}
		{CB715CD9-FB6A-4E79-B9C0-830833223D91} = {139163CB-F521-45E4-B022-780DF7322293}
		{0232E034-4C66-4B0E-A2F4-847BAABEC89D} = {9AE54BA2-750F-42CC-97EC-4DD29A452100}
		{9FBE0CA2-67F4-4379-B3F8-52070C0926BA} = {9AE54BA2-750F-42CC-97EC-4DD29A452100}
		{E4395147-A743-4C30-A605-B43545E3E2F8} = {5C5B0BBB-04F2-467A-B708-C013543C0C31}
	EndGlobalSection
	GlobalSection(ExtensibilityGlobals) = postSolution
		SolutionGuid = {E27EC676-81BF-4099-BFC9-20E860CE83A5}
	EndGlobalSection
EndGlobal
